// !$*UTF8*$!
{
	archiveVersion = 1;
	classes = {
	};
	objectVersion = 46;
	objects = {

/* Begin PBXBuildFile section */
		0300D5F51DE2D05000E29E83 /* glowing_chest.png in Resources */ = {isa = PBXBuildFile; fileRef = 0300D5F41DE2D05000E29E83 /* glowing_chest.png */; };
		0324E7EF1C4B51690079A441 /* coin.png in Resources */ = {isa = PBXBuildFile; fileRef = 0324E7EE1C4B51690079A441 /* coin.png */; };
		033855711B8996D400173600 /* CreateClassViewController.m in Sources */ = {isa = PBXBuildFile; fileRef = 033855701B8996D400173600 /* CreateClassViewController.m */; settings = {COMPILER_FLAGS = "-w"; }; };
		033855741B89984500173600 /* numberTextField.m in Sources */ = {isa = PBXBuildFile; fileRef = 033855731B89984500173600 /* numberTextField.m */; };
		033A4DA61B75B25B006E90D6 /* achievement.wav in Resources */ = {isa = PBXBuildFile; fileRef = 033A4D9B1B75B25B006E90D6 /* achievement.wav */; };
		033A4DA71B75B25B006E90D6 /* award.mp3 in Resources */ = {isa = PBXBuildFile; fileRef = 033A4D9C1B75B25B006E90D6 /* award.mp3 */; };
		033A4DA81B75B25B006E90D6 /* bloop.wav in Resources */ = {isa = PBXBuildFile; fileRef = 033A4D9D1B75B25B006E90D6 /* bloop.wav */; };
		033A4DA91B75B25B006E90D6 /* coin_shake.wav in Resources */ = {isa = PBXBuildFile; fileRef = 033A4D9E1B75B25B006E90D6 /* coin_shake.wav */; };
		033A4DAA1B75B25B006E90D6 /* correct.wav in Resources */ = {isa = PBXBuildFile; fileRef = 033A4D9F1B75B25B006E90D6 /* correct.wav */; };
		033A4DAB1B75B25B006E90D6 /* jarsuccess.wav in Resources */ = {isa = PBXBuildFile; fileRef = 033A4DA01B75B25B006E90D6 /* jarsuccess.wav */; };
		033A4DAC1B75B25B006E90D6 /* pop.wav in Resources */ = {isa = PBXBuildFile; fileRef = 033A4DA11B75B25B006E90D6 /* pop.wav */; };
		033A4DAD1B75B25B006E90D6 /* positive.wav in Resources */ = {isa = PBXBuildFile; fileRef = 033A4DA21B75B25B006E90D6 /* positive.wav */; };
		033A4DAE1B75B25B006E90D6 /* register_fail.wav in Resources */ = {isa = PBXBuildFile; fileRef = 033A4DA31B75B25B006E90D6 /* register_fail.wav */; };
		033A4DAF1B75B25B006E90D6 /* sale.mp3 in Resources */ = {isa = PBXBuildFile; fileRef = 033A4DA41B75B25B006E90D6 /* sale.mp3 */; };
		033A4DB01B75B25B006E90D6 /* teacherstamp.wav in Resources */ = {isa = PBXBuildFile; fileRef = 033A4DA51B75B25B006E90D6 /* teacherstamp.wav */; };
		033AD09B1DF00F0C00027405 /* deselectAll.png in Resources */ = {isa = PBXBuildFile; fileRef = 033AD0991DF00F0C00027405 /* deselectAll.png */; };
		033AD09C1DF00F0C00027405 /* selectAll.png in Resources */ = {isa = PBXBuildFile; fileRef = 033AD09A1DF00F0C00027405 /* selectAll.png */; };
		033AD09E1DF103CC00027405 /* Security.framework in Frameworks */ = {isa = PBXBuildFile; fileRef = 033AD09D1DF103CC00027405 /* Security.framework */; };
		034075D71B980A60008E14B2 /* AwardViewController.m in Sources */ = {isa = PBXBuildFile; fileRef = 034075D61B980A60008E14B2 /* AwardViewController.m */; settings = {COMPILER_FLAGS = "-w"; }; };
		034075DA1B980CBB008E14B2 /* ClassJarViewController.m in Sources */ = {isa = PBXBuildFile; fileRef = 034075D91B980CBA008E14B2 /* ClassJarViewController.m */; settings = {COMPILER_FLAGS = "-w"; }; };
		03492CF21B8863DB0015CD78 /* HomeViewController.m in Sources */ = {isa = PBXBuildFile; fileRef = 03492CF11B8863DB0015CD78 /* HomeViewController.m */; settings = {COMPILER_FLAGS = "-w"; }; };
		034B2F2C1E3D4CF1007D6ED3 /* HomeCollectionViewController.m in Sources */ = {isa = PBXBuildFile; fileRef = 034B2F2B1E3D4CF1007D6ED3 /* HomeCollectionViewController.m */; };
		034C92B81BF19A7B0090667C /* NSString+FontAwesome.m in Sources */ = {isa = PBXBuildFile; fileRef = 034C92B71BF19A7B0090667C /* NSString+FontAwesome.m */; };
		035BA0A31DDFC7DC003A9160 /* Contents.json in Resources */ = {isa = PBXBuildFile; fileRef = 035BA08C1DDFC7DC003A9160 /* Contents.json */; };
		035BA0A41DDFC7DC003A9160 /* Icon-App-20x20@1x.png in Resources */ = {isa = PBXBuildFile; fileRef = 035BA08D1DDFC7DC003A9160 /* Icon-App-20x20@1x.png */; };
		035BA0A51DDFC7DC003A9160 /* Icon-App-20x20@2x.png in Resources */ = {isa = PBXBuildFile; fileRef = 035BA08E1DDFC7DC003A9160 /* Icon-App-20x20@2x.png */; };
		035BA0A61DDFC7DC003A9160 /* Icon-App-20x20@3x.png in Resources */ = {isa = PBXBuildFile; fileRef = 035BA08F1DDFC7DC003A9160 /* Icon-App-20x20@3x.png */; };
		035BA0A71DDFC7DC003A9160 /* Icon-App-29x29@1x.png in Resources */ = {isa = PBXBuildFile; fileRef = 035BA0901DDFC7DC003A9160 /* Icon-App-29x29@1x.png */; };
		035BA0A81DDFC7DC003A9160 /* Icon-App-29x29@2x.png in Resources */ = {isa = PBXBuildFile; fileRef = 035BA0911DDFC7DC003A9160 /* Icon-App-29x29@2x.png */; };
		035BA0A91DDFC7DC003A9160 /* Icon-App-29x29@3x.png in Resources */ = {isa = PBXBuildFile; fileRef = 035BA0921DDFC7DC003A9160 /* Icon-App-29x29@3x.png */; };
		035BA0AA1DDFC7DC003A9160 /* Icon-App-40x40@1x.png in Resources */ = {isa = PBXBuildFile; fileRef = 035BA0931DDFC7DC003A9160 /* Icon-App-40x40@1x.png */; };
		035BA0AB1DDFC7DC003A9160 /* Icon-App-40x40@2x.png in Resources */ = {isa = PBXBuildFile; fileRef = 035BA0941DDFC7DC003A9160 /* Icon-App-40x40@2x.png */; };
		035BA0AC1DDFC7DC003A9160 /* Icon-App-40x40@3x.png in Resources */ = {isa = PBXBuildFile; fileRef = 035BA0951DDFC7DC003A9160 /* Icon-App-40x40@3x.png */; };
		035BA0AD1DDFC7DC003A9160 /* Icon-App-57x57@1x.png in Resources */ = {isa = PBXBuildFile; fileRef = 035BA0961DDFC7DC003A9160 /* Icon-App-57x57@1x.png */; };
		035BA0AE1DDFC7DC003A9160 /* Icon-App-57x57@2x.png in Resources */ = {isa = PBXBuildFile; fileRef = 035BA0971DDFC7DC003A9160 /* Icon-App-57x57@2x.png */; };
		035BA0AF1DDFC7DC003A9160 /* Icon-App-60x60@1x.png in Resources */ = {isa = PBXBuildFile; fileRef = 035BA0981DDFC7DC003A9160 /* Icon-App-60x60@1x.png */; };
		035BA0B01DDFC7DC003A9160 /* Icon-App-60x60@2x.png in Resources */ = {isa = PBXBuildFile; fileRef = 035BA0991DDFC7DC003A9160 /* Icon-App-60x60@2x.png */; };
		035BA0B11DDFC7DC003A9160 /* Icon-App-60x60@3x.png in Resources */ = {isa = PBXBuildFile; fileRef = 035BA09A1DDFC7DC003A9160 /* Icon-App-60x60@3x.png */; };
		035BA0B21DDFC7DC003A9160 /* Icon-App-72x72@1x.png in Resources */ = {isa = PBXBuildFile; fileRef = 035BA09B1DDFC7DC003A9160 /* Icon-App-72x72@1x.png */; };
		035BA0B31DDFC7DC003A9160 /* Icon-App-72x72@2x.png in Resources */ = {isa = PBXBuildFile; fileRef = 035BA09C1DDFC7DC003A9160 /* Icon-App-72x72@2x.png */; };
		035BA0B41DDFC7DC003A9160 /* Icon-App-76x76@1x.png in Resources */ = {isa = PBXBuildFile; fileRef = 035BA09D1DDFC7DC003A9160 /* Icon-App-76x76@1x.png */; };
		035BA0B51DDFC7DC003A9160 /* Icon-App-76x76@2x.png in Resources */ = {isa = PBXBuildFile; fileRef = 035BA09E1DDFC7DC003A9160 /* Icon-App-76x76@2x.png */; };
		035BA0B61DDFC7DC003A9160 /* Icon-App-76x76@3x.png in Resources */ = {isa = PBXBuildFile; fileRef = 035BA09F1DDFC7DC003A9160 /* Icon-App-76x76@3x.png */; };
		035BA0B71DDFC7DC003A9160 /* Icon-App-83.5x83.5@2x.png in Resources */ = {isa = PBXBuildFile; fileRef = 035BA0A01DDFC7DC003A9160 /* Icon-App-83.5x83.5@2x.png */; };
		035BA0B81DDFC7DC003A9160 /* Icon-Small-50x50@1x.png in Resources */ = {isa = PBXBuildFile; fileRef = 035BA0A11DDFC7DC003A9160 /* Icon-Small-50x50@1x.png */; };
		035BA0B91DDFC7DC003A9160 /* Icon-Small-50x50@2x.png in Resources */ = {isa = PBXBuildFile; fileRef = 035BA0A21DDFC7DC003A9160 /* Icon-Small-50x50@2x.png */; };
		035DF79D1DF4B07200C74F6C /* GoogleService-Info.plist in Resources */ = {isa = PBXBuildFile; fileRef = 035DF79C1DF4B07200C74F6C /* GoogleService-Info.plist */; };
		036811561B8C49B400690294 /* AboutViewController.m in Sources */ = {isa = PBXBuildFile; fileRef = 036811551B8C49B400690294 /* AboutViewController.m */; settings = {COMPILER_FLAGS = "-w"; }; };
		0369CF8D1BE082EC00E8857D /* StudentAttendanceTableViewCell.m in Sources */ = {isa = PBXBuildFile; fileRef = 0369CF8C1BE082EC00E8857D /* StudentAttendanceTableViewCell.m */; settings = {COMPILER_FLAGS = "-w"; }; };
		036E4ED41B9832EA00A06B25 /* MarketViewController.m in Sources */ = {isa = PBXBuildFile; fileRef = 036E4ED31B9832EA00A06B25 /* MarketViewController.m */; settings = {COMPILER_FLAGS = "-w"; }; };
		037CAA661DFA02FA003EB05C /* showList.png in Resources */ = {isa = PBXBuildFile; fileRef = 037CAA651DFA02FA003EB05C /* showList.png */; };
		03827CFC1E2F5E8300BEDFD4 /* ClassNavigationController.m in Sources */ = {isa = PBXBuildFile; fileRef = 03827CFB1E2F5E8300BEDFD4 /* ClassNavigationController.m */; };
		038545261B6359DD0053C169 /* emailTextField.m in Sources */ = {isa = PBXBuildFile; fileRef = 038545251B6359DD0053C169 /* emailTextField.m */; };
		038545291B6359E90053C169 /* passwordTextField.m in Sources */ = {isa = PBXBuildFile; fileRef = 038545281B6359E90053C169 /* passwordTextField.m */; };
		038545321B635B1F0053C169 /* baseTextField.m in Sources */ = {isa = PBXBuildFile; fileRef = 038545311B635B1F0053C169 /* baseTextField.m */; };
		038545381B636BB20053C169 /* CreateAccountViewController.m in Sources */ = {isa = PBXBuildFile; fileRef = 038545371B636BB20053C169 /* CreateAccountViewController.m */; settings = {COMPILER_FLAGS = "-w"; }; };
		0385453B1B636BFF0053C169 /* nameTextField.m in Sources */ = {isa = PBXBuildFile; fileRef = 0385453A1B636BFF0053C169 /* nameTextField.m */; };
		038898371BB3AC4A00D12468 /* StudentsTableViewController.m in Sources */ = {isa = PBXBuildFile; fileRef = 038898361BB3AC4A00D12468 /* StudentsTableViewController.m */; settings = {COMPILER_FLAGS = "-w"; }; };
		0388983A1BB3B6ED00D12468 /* StudentTableViewCell.m in Sources */ = {isa = PBXBuildFile; fileRef = 038898391BB3B6ED00D12468 /* StudentTableViewCell.m */; settings = {COMPILER_FLAGS = "-w"; }; };
		0388983D1BB3CCDA00D12468 /* StudentViewController.m in Sources */ = {isa = PBXBuildFile; fileRef = 0388983C1BB3CCDA00D12468 /* StudentViewController.m */; settings = {COMPILER_FLAGS = "-w"; }; };
		038F7B341B643FE30026F679 /* user.m in Sources */ = {isa = PBXBuildFile; fileRef = 038F7B331B643FE30026F679 /* user.m */; };
		039567C71BCE141100AFF48A /* coinsack.png in Resources */ = {isa = PBXBuildFile; fileRef = 039567C31BCE141100AFF48A /* coinsack.png */; };
		039567C81BCE141100AFF48A /* jar_coin.png in Resources */ = {isa = PBXBuildFile; fileRef = 039567C41BCE141100AFF48A /* jar_coin.png */; };
		039926D01DBDC34F0008B8F7 /* StudentAwardTableViewCell.m in Sources */ = {isa = PBXBuildFile; fileRef = 039926CF1DBDC34F0008B8F7 /* StudentAwardTableViewCell.m */; };
		0399AAF21B846C6500972F21 /* ClassTableViewController.m in Sources */ = {isa = PBXBuildFile; fileRef = 0399AAF11B846C6500972F21 /* ClassTableViewController.m */; settings = {COMPILER_FLAGS = "-w"; }; };
		0399AAF61B84731E00972F21 /* ClassTableViewCell.m in Sources */ = {isa = PBXBuildFile; fileRef = 0399AAF51B84731E00972F21 /* ClassTableViewCell.m */; settings = {COMPILER_FLAGS = "-w"; }; };
		03A01ED71B68A33F0037110E /* TutorialViewController.m in Sources */ = {isa = PBXBuildFile; fileRef = 03A01ED61B68A33F0037110E /* TutorialViewController.m */; settings = {COMPILER_FLAGS = "-w"; }; };
		03A01EDA1B68A8C20037110E /* TutorialContentViewController.m in Sources */ = {isa = PBXBuildFile; fileRef = 03A01ED91B68A8C20037110E /* TutorialContentViewController.m */; settings = {COMPILER_FLAGS = "-w"; }; };
		03AA99E71B6333C300750758 /* main.m in Sources */ = {isa = PBXBuildFile; fileRef = 03AA99E61B6333C300750758 /* main.m */; };
		03AA99EA1B6333C300750758 /* AppDelegate.m in Sources */ = {isa = PBXBuildFile; fileRef = 03AA99E91B6333C300750758 /* AppDelegate.m */; settings = {COMPILER_FLAGS = "-w"; }; };
		03AA99F01B6333C300750758 /* Main.storyboard in Resources */ = {isa = PBXBuildFile; fileRef = 03AA99EE1B6333C300750758 /* Main.storyboard */; };
		03AA99F21B6333C300750758 /* Images.xcassets in Resources */ = {isa = PBXBuildFile; fileRef = 03AA99F11B6333C300750758 /* Images.xcassets */; };
		03AA99F51B6333C400750758 /* LaunchScreen.xib in Resources */ = {isa = PBXBuildFile; fileRef = 03AA99F31B6333C400750758 /* LaunchScreen.xib */; };
		03AA9A011B6333C400750758 /* Classroom_HeroTests.m in Sources */ = {isa = PBXBuildFile; fileRef = 03AA9A001B6333C400750758 /* Classroom_HeroTests.m */; };
		03AA9A0C1B6336FE00750758 /* LoginViewController.m in Sources */ = {isa = PBXBuildFile; fileRef = 03AA9A0B1B6336FE00750758 /* LoginViewController.m */; settings = {COMPILER_FLAGS = "-w"; }; };
		03AA9A111B63381B00750758 /* AmaticSC-Bold.ttf in Resources */ = {isa = PBXBuildFile; fileRef = 03AA9A0E1B63381B00750758 /* AmaticSC-Bold.ttf */; };
		03AA9A121B63381B00750758 /* AmaticSC-Regular.ttf in Resources */ = {isa = PBXBuildFile; fileRef = 03AA9A0F1B63381B00750758 /* AmaticSC-Regular.ttf */; };
		03AA9A131B63381B00750758 /* FontAwesome.ttf in Resources */ = {isa = PBXBuildFile; fileRef = 03AA9A101B63381B00750758 /* FontAwesome.ttf */; };
		03AA9A371B63399D00750758 /* app icon.png in Resources */ = {isa = PBXBuildFile; fileRef = 03AA9A151B63399D00750758 /* app icon.png */; };
		03AA9A381B63399D00750758 /* apple hero.png in Resources */ = {isa = PBXBuildFile; fileRef = 03AA9A161B63399D00750758 /* apple hero.png */; };
		03AA9A391B63399D00750758 /* backgroundImg1.png in Resources */ = {isa = PBXBuildFile; fileRef = 03AA9A171B63399D00750758 /* backgroundImg1.png */; };
		03AA9A3A1B63399D00750758 /* backLid.png in Resources */ = {isa = PBXBuildFile; fileRef = 03AA9A181B63399D00750758 /* backLid.png */; };
		03AA9A3B1B63399D00750758 /* ch-logo.png in Resources */ = {isa = PBXBuildFile; fileRef = 03AA9A191B63399D00750758 /* ch-logo.png */; };
		03AA9A3F1B63399D00750758 /* classroom_hero_text.png in Resources */ = {isa = PBXBuildFile; fileRef = 03AA9A1D1B63399D00750758 /* classroom_hero_text.png */; };
		03AA9A401B63399D00750758 /* cork.png in Resources */ = {isa = PBXBuildFile; fileRef = 03AA9A1E1B63399D00750758 /* cork.png */; };
		03AA9A411B63399D00750758 /* homeIcon.png in Resources */ = {isa = PBXBuildFile; fileRef = 03AA9A1F1B63399D00750758 /* homeIcon.png */; };
		03AA9A421B63399D00750758 /* homeIconPressed.png in Resources */ = {isa = PBXBuildFile; fileRef = 03AA9A201B63399D00750758 /* homeIconPressed.png */; };
		03AA9A431B63399D00750758 /* intact_jar.png in Resources */ = {isa = PBXBuildFile; fileRef = 03AA9A211B63399D00750758 /* intact_jar.png */; };
		03AA9A441B63399D00750758 /* itemsIcon.png in Resources */ = {isa = PBXBuildFile; fileRef = 03AA9A221B63399D00750758 /* itemsIcon.png */; };
		03AA9A451B63399D00750758 /* jar.png in Resources */ = {isa = PBXBuildFile; fileRef = 03AA9A231B63399D00750758 /* jar.png */; };
		03AA9A471B63399D00750758 /* jar_progress_coins.png in Resources */ = {isa = PBXBuildFile; fileRef = 03AA9A251B63399D00750758 /* jar_progress_coins.png */; };
		03AA9A491B63399D00750758 /* lid.png in Resources */ = {isa = PBXBuildFile; fileRef = 03AA9A271B63399D00750758 /* lid.png */; };
		03AA9A4A1B63399D00750758 /* login button.png in Resources */ = {isa = PBXBuildFile; fileRef = 03AA9A281B63399D00750758 /* login button.png */; };
		03AA9A581B63399D00750758 /* treasure_chest.png in Resources */ = {isa = PBXBuildFile; fileRef = 03AA9A361B63399D00750758 /* treasure_chest.png */; };
		03AA9A5B1B633B8100750758 /* ConnectionHandler.m in Sources */ = {isa = PBXBuildFile; fileRef = 03AA9A5A1B633B8100750758 /* ConnectionHandler.m */; settings = {COMPILER_FLAGS = "-w"; }; };
		03B206C61E3C76DD007E7BA7 /* StudentCollectionViewCell.m in Sources */ = {isa = PBXBuildFile; fileRef = 03B206C51E3C76DD007E7BA7 /* StudentCollectionViewCell.m */; };
		03B2B0F91BBA3AA900191B54 /* EditTeacherViewController.m in Sources */ = {isa = PBXBuildFile; fileRef = 03B2B0F81BBA3AA900191B54 /* EditTeacherViewController.m */; settings = {COMPILER_FLAGS = "-w"; }; };
		03B3A02E1B71D0A800B42E09 /* Utilities.m in Sources */ = {isa = PBXBuildFile; fileRef = 03B3A02D1B71D0A800B42E09 /* Utilities.m */; settings = {COMPILER_FLAGS = "-w"; }; };
		03BD41211BCAE5AE00879B46 /* AttendanceViewController.m in Sources */ = {isa = PBXBuildFile; fileRef = 03BD41201BCAE5AE00879B46 /* AttendanceViewController.m */; settings = {COMPILER_FLAGS = "-w"; }; };
		03DC9D991B7334F6005C7562 /* Notes in Resources */ = {isa = PBXBuildFile; fileRef = 03DC9D981B7334F6005C7562 /* Notes */; };
		03DCFFD31B6C5A1900C451CC /* reinforcer.m in Sources */ = {isa = PBXBuildFile; fileRef = 03DCFFD21B6C5A1900C451CC /* reinforcer.m */; };
		03DCFFD51B6C63FC00C451CC /* libsqlite3.dylib in Frameworks */ = {isa = PBXBuildFile; fileRef = 03DCFFD41B6C63FC00C451CC /* libsqlite3.dylib */; };
		03DCFFD81B6C67F300C451CC /* item.m in Sources */ = {isa = PBXBuildFile; fileRef = 03DCFFD71B6C67F300C451CC /* item.m */; };
		03DCFFDB1B6C6C8A00C451CC /* classjar.m in Sources */ = {isa = PBXBuildFile; fileRef = 03DCFFDA1B6C6C8A00C451CC /* classjar.m */; };
		03DCFFDE1B6C6FDA00C451CC /* school.m in Sources */ = {isa = PBXBuildFile; fileRef = 03DCFFDD1B6C6FDA00C451CC /* school.m */; };
		03F18BF21DE3D91B00389248 /* AwardMenuOptionTableViewCell.m in Sources */ = {isa = PBXBuildFile; fileRef = 03F18BF11DE3D91B00389248 /* AwardMenuOptionTableViewCell.m */; };
		03F46FB51B69CBAD00A695B2 /* DatabaseHandler.m in Sources */ = {isa = PBXBuildFile; fileRef = 03F46FB41B69CBAD00A695B2 /* DatabaseHandler.m */; settings = {COMPILER_FLAGS = "-w"; }; };
		03F46FB81B69CC2700A695B2 /* class.m in Sources */ = {isa = PBXBuildFile; fileRef = 03F46FB71B69CC2700A695B2 /* class.m */; };
		03F46FBB1B6B54C200A695B2 /* student.m in Sources */ = {isa = PBXBuildFile; fileRef = 03F46FBA1B6B54C200A695B2 /* student.m */; };
		03FC7E261DDDB32300C2ABFD /* jar_body.png in Resources */ = {isa = PBXBuildFile; fileRef = 03FC7E251DDDB32300C2ABFD /* jar_body.png */; };
		AADD903AECA7FD40514682E2 /* Pods_Classroom_Hero.framework in Frameworks */ = {isa = PBXBuildFile; fileRef = E7818F5B4750C1C2B463B96A /* Pods_Classroom_Hero.framework */; };
		CEEA5584546DE14FE7401446 /* Pods_Classroom_HeroTests.framework in Frameworks */ = {isa = PBXBuildFile; fileRef = AEBA75A968A88E67CBF5DE79 /* Pods_Classroom_HeroTests.framework */; };
/* End PBXBuildFile section */

/* Begin PBXContainerItemProxy section */
		03AA99FB1B6333C400750758 /* PBXContainerItemProxy */ = {
			isa = PBXContainerItemProxy;
			containerPortal = 03AA99D91B6333C300750758 /* Project object */;
			proxyType = 1;
			remoteGlobalIDString = 03AA99E01B6333C300750758;
			remoteInfo = "Classroom Hero";
		};
/* End PBXContainerItemProxy section */

/* Begin PBXFileReference section */
		0300D5F41DE2D05000E29E83 /* glowing_chest.png */ = {isa = PBXFileReference; lastKnownFileType = image.png; path = glowing_chest.png; sourceTree = "<group>"; };
		0324E7EE1C4B51690079A441 /* coin.png */ = {isa = PBXFileReference; lastKnownFileType = image.png; path = coin.png; sourceTree = "<group>"; };
		0338556F1B8996D400173600 /* CreateClassViewController.h */ = {isa = PBXFileReference; fileEncoding = 4; lastKnownFileType = sourcecode.c.h; path = CreateClassViewController.h; sourceTree = "<group>"; };
		033855701B8996D400173600 /* CreateClassViewController.m */ = {isa = PBXFileReference; fileEncoding = 4; lastKnownFileType = sourcecode.c.objc; path = CreateClassViewController.m; sourceTree = "<group>"; };
		033855721B89984500173600 /* numberTextField.h */ = {isa = PBXFileReference; fileEncoding = 4; lastKnownFileType = sourcecode.c.h; path = numberTextField.h; sourceTree = "<group>"; };
		033855731B89984500173600 /* numberTextField.m */ = {isa = PBXFileReference; fileEncoding = 4; lastKnownFileType = sourcecode.c.objc; path = numberTextField.m; sourceTree = "<group>"; };
		033A4D9B1B75B25B006E90D6 /* achievement.wav */ = {isa = PBXFileReference; lastKnownFileType = audio.wav; name = achievement.wav; path = "Classroom Hero/sounds/achievement.wav"; sourceTree = SOURCE_ROOT; };
		033A4D9C1B75B25B006E90D6 /* award.mp3 */ = {isa = PBXFileReference; lastKnownFileType = audio.mp3; name = award.mp3; path = "Classroom Hero/sounds/award.mp3"; sourceTree = SOURCE_ROOT; };
		033A4D9D1B75B25B006E90D6 /* bloop.wav */ = {isa = PBXFileReference; lastKnownFileType = audio.wav; name = bloop.wav; path = "Classroom Hero/sounds/bloop.wav"; sourceTree = SOURCE_ROOT; };
		033A4D9E1B75B25B006E90D6 /* coin_shake.wav */ = {isa = PBXFileReference; lastKnownFileType = audio.wav; name = coin_shake.wav; path = "Classroom Hero/sounds/coin_shake.wav"; sourceTree = SOURCE_ROOT; };
		033A4D9F1B75B25B006E90D6 /* correct.wav */ = {isa = PBXFileReference; lastKnownFileType = audio.wav; name = correct.wav; path = "Classroom Hero/sounds/correct.wav"; sourceTree = SOURCE_ROOT; };
		033A4DA01B75B25B006E90D6 /* jarsuccess.wav */ = {isa = PBXFileReference; lastKnownFileType = audio.wav; name = jarsuccess.wav; path = "Classroom Hero/sounds/jarsuccess.wav"; sourceTree = SOURCE_ROOT; };
		033A4DA11B75B25B006E90D6 /* pop.wav */ = {isa = PBXFileReference; lastKnownFileType = audio.wav; name = pop.wav; path = "Classroom Hero/sounds/pop.wav"; sourceTree = SOURCE_ROOT; };
		033A4DA21B75B25B006E90D6 /* positive.wav */ = {isa = PBXFileReference; lastKnownFileType = audio.wav; name = positive.wav; path = "Classroom Hero/sounds/positive.wav"; sourceTree = SOURCE_ROOT; };
		033A4DA31B75B25B006E90D6 /* register_fail.wav */ = {isa = PBXFileReference; lastKnownFileType = audio.wav; name = register_fail.wav; path = "Classroom Hero/sounds/register_fail.wav"; sourceTree = SOURCE_ROOT; };
		033A4DA41B75B25B006E90D6 /* sale.mp3 */ = {isa = PBXFileReference; lastKnownFileType = audio.mp3; name = sale.mp3; path = "Classroom Hero/sounds/sale.mp3"; sourceTree = SOURCE_ROOT; };
		033A4DA51B75B25B006E90D6 /* teacherstamp.wav */ = {isa = PBXFileReference; lastKnownFileType = audio.wav; name = teacherstamp.wav; path = "Classroom Hero/sounds/teacherstamp.wav"; sourceTree = SOURCE_ROOT; };
		033AD0991DF00F0C00027405 /* deselectAll.png */ = {isa = PBXFileReference; lastKnownFileType = image.png; path = deselectAll.png; sourceTree = "<group>"; };
		033AD09A1DF00F0C00027405 /* selectAll.png */ = {isa = PBXFileReference; lastKnownFileType = image.png; path = selectAll.png; sourceTree = "<group>"; };
		033AD09D1DF103CC00027405 /* Security.framework */ = {isa = PBXFileReference; lastKnownFileType = wrapper.framework; name = Security.framework; path = System/Library/Frameworks/Security.framework; sourceTree = SDKROOT; };
		034075D51B980A60008E14B2 /* AwardViewController.h */ = {isa = PBXFileReference; fileEncoding = 4; lastKnownFileType = sourcecode.c.h; path = AwardViewController.h; sourceTree = "<group>"; };
		034075D61B980A60008E14B2 /* AwardViewController.m */ = {isa = PBXFileReference; fileEncoding = 4; lastKnownFileType = sourcecode.c.objc; path = AwardViewController.m; sourceTree = "<group>"; };
		034075D81B980CBA008E14B2 /* ClassJarViewController.h */ = {isa = PBXFileReference; fileEncoding = 4; lastKnownFileType = sourcecode.c.h; path = ClassJarViewController.h; sourceTree = "<group>"; };
		034075D91B980CBA008E14B2 /* ClassJarViewController.m */ = {isa = PBXFileReference; fileEncoding = 4; lastKnownFileType = sourcecode.c.objc; path = ClassJarViewController.m; sourceTree = "<group>"; };
		03492CF01B8863DB0015CD78 /* HomeViewController.h */ = {isa = PBXFileReference; fileEncoding = 4; lastKnownFileType = sourcecode.c.h; path = HomeViewController.h; sourceTree = "<group>"; };
		03492CF11B8863DB0015CD78 /* HomeViewController.m */ = {isa = PBXFileReference; fileEncoding = 4; lastKnownFileType = sourcecode.c.objc; path = HomeViewController.m; sourceTree = "<group>"; };
		034B2F2A1E3D4CF1007D6ED3 /* HomeCollectionViewController.h */ = {isa = PBXFileReference; fileEncoding = 4; lastKnownFileType = sourcecode.c.h; path = HomeCollectionViewController.h; sourceTree = "<group>"; };
		034B2F2B1E3D4CF1007D6ED3 /* HomeCollectionViewController.m */ = {isa = PBXFileReference; fileEncoding = 4; lastKnownFileType = sourcecode.c.objc; path = HomeCollectionViewController.m; sourceTree = "<group>"; };
		034C92B61BF19A7B0090667C /* NSString+FontAwesome.h */ = {isa = PBXFileReference; fileEncoding = 4; lastKnownFileType = sourcecode.c.h; path = "NSString+FontAwesome.h"; sourceTree = "<group>"; };
		034C92B71BF19A7B0090667C /* NSString+FontAwesome.m */ = {isa = PBXFileReference; fileEncoding = 4; lastKnownFileType = sourcecode.c.objc; path = "NSString+FontAwesome.m"; sourceTree = "<group>"; };
		035BA08C1DDFC7DC003A9160 /* Contents.json */ = {isa = PBXFileReference; fileEncoding = 4; lastKnownFileType = text.json; path = Contents.json; sourceTree = "<group>"; };
		035BA08D1DDFC7DC003A9160 /* Icon-App-20x20@1x.png */ = {isa = PBXFileReference; lastKnownFileType = image.png; path = "Icon-App-20x20@1x.png"; sourceTree = "<group>"; };
		035BA08E1DDFC7DC003A9160 /* Icon-App-20x20@2x.png */ = {isa = PBXFileReference; lastKnownFileType = image.png; path = "Icon-App-20x20@2x.png"; sourceTree = "<group>"; };
		035BA08F1DDFC7DC003A9160 /* Icon-App-20x20@3x.png */ = {isa = PBXFileReference; lastKnownFileType = image.png; path = "Icon-App-20x20@3x.png"; sourceTree = "<group>"; };
		035BA0901DDFC7DC003A9160 /* Icon-App-29x29@1x.png */ = {isa = PBXFileReference; lastKnownFileType = image.png; path = "Icon-App-29x29@1x.png"; sourceTree = "<group>"; };
		035BA0911DDFC7DC003A9160 /* Icon-App-29x29@2x.png */ = {isa = PBXFileReference; lastKnownFileType = image.png; path = "Icon-App-29x29@2x.png"; sourceTree = "<group>"; };
		035BA0921DDFC7DC003A9160 /* Icon-App-29x29@3x.png */ = {isa = PBXFileReference; lastKnownFileType = image.png; path = "Icon-App-29x29@3x.png"; sourceTree = "<group>"; };
		035BA0931DDFC7DC003A9160 /* Icon-App-40x40@1x.png */ = {isa = PBXFileReference; lastKnownFileType = image.png; path = "Icon-App-40x40@1x.png"; sourceTree = "<group>"; };
		035BA0941DDFC7DC003A9160 /* Icon-App-40x40@2x.png */ = {isa = PBXFileReference; lastKnownFileType = image.png; path = "Icon-App-40x40@2x.png"; sourceTree = "<group>"; };
		035BA0951DDFC7DC003A9160 /* Icon-App-40x40@3x.png */ = {isa = PBXFileReference; lastKnownFileType = image.png; path = "Icon-App-40x40@3x.png"; sourceTree = "<group>"; };
		035BA0961DDFC7DC003A9160 /* Icon-App-57x57@1x.png */ = {isa = PBXFileReference; lastKnownFileType = image.png; path = "Icon-App-57x57@1x.png"; sourceTree = "<group>"; };
		035BA0971DDFC7DC003A9160 /* Icon-App-57x57@2x.png */ = {isa = PBXFileReference; lastKnownFileType = image.png; path = "Icon-App-57x57@2x.png"; sourceTree = "<group>"; };
		035BA0981DDFC7DC003A9160 /* Icon-App-60x60@1x.png */ = {isa = PBXFileReference; lastKnownFileType = image.png; path = "Icon-App-60x60@1x.png"; sourceTree = "<group>"; };
		035BA0991DDFC7DC003A9160 /* Icon-App-60x60@2x.png */ = {isa = PBXFileReference; lastKnownFileType = image.png; path = "Icon-App-60x60@2x.png"; sourceTree = "<group>"; };
		035BA09A1DDFC7DC003A9160 /* Icon-App-60x60@3x.png */ = {isa = PBXFileReference; lastKnownFileType = image.png; path = "Icon-App-60x60@3x.png"; sourceTree = "<group>"; };
		035BA09B1DDFC7DC003A9160 /* Icon-App-72x72@1x.png */ = {isa = PBXFileReference; lastKnownFileType = image.png; path = "Icon-App-72x72@1x.png"; sourceTree = "<group>"; };
		035BA09C1DDFC7DC003A9160 /* Icon-App-72x72@2x.png */ = {isa = PBXFileReference; lastKnownFileType = image.png; path = "Icon-App-72x72@2x.png"; sourceTree = "<group>"; };
		035BA09D1DDFC7DC003A9160 /* Icon-App-76x76@1x.png */ = {isa = PBXFileReference; lastKnownFileType = image.png; path = "Icon-App-76x76@1x.png"; sourceTree = "<group>"; };
		035BA09E1DDFC7DC003A9160 /* Icon-App-76x76@2x.png */ = {isa = PBXFileReference; lastKnownFileType = image.png; path = "Icon-App-76x76@2x.png"; sourceTree = "<group>"; };
		035BA09F1DDFC7DC003A9160 /* Icon-App-76x76@3x.png */ = {isa = PBXFileReference; lastKnownFileType = image.png; path = "Icon-App-76x76@3x.png"; sourceTree = "<group>"; };
		035BA0A01DDFC7DC003A9160 /* Icon-App-83.5x83.5@2x.png */ = {isa = PBXFileReference; lastKnownFileType = image.png; path = "Icon-App-83.5x83.5@2x.png"; sourceTree = "<group>"; };
		035BA0A11DDFC7DC003A9160 /* Icon-Small-50x50@1x.png */ = {isa = PBXFileReference; lastKnownFileType = image.png; path = "Icon-Small-50x50@1x.png"; sourceTree = "<group>"; };
		035BA0A21DDFC7DC003A9160 /* Icon-Small-50x50@2x.png */ = {isa = PBXFileReference; lastKnownFileType = image.png; path = "Icon-Small-50x50@2x.png"; sourceTree = "<group>"; };
		035DF79C1DF4B07200C74F6C /* GoogleService-Info.plist */ = {isa = PBXFileReference; fileEncoding = 4; lastKnownFileType = text.plist.xml; path = "GoogleService-Info.plist"; sourceTree = "<group>"; };
		036811541B8C49B400690294 /* AboutViewController.h */ = {isa = PBXFileReference; fileEncoding = 4; lastKnownFileType = sourcecode.c.h; path = AboutViewController.h; sourceTree = "<group>"; };
		036811551B8C49B400690294 /* AboutViewController.m */ = {isa = PBXFileReference; fileEncoding = 4; lastKnownFileType = sourcecode.c.objc; path = AboutViewController.m; sourceTree = "<group>"; };
		0369CF8B1BE082EC00E8857D /* StudentAttendanceTableViewCell.h */ = {isa = PBXFileReference; fileEncoding = 4; lastKnownFileType = sourcecode.c.h; path = StudentAttendanceTableViewCell.h; sourceTree = "<group>"; };
		0369CF8C1BE082EC00E8857D /* StudentAttendanceTableViewCell.m */ = {isa = PBXFileReference; fileEncoding = 4; lastKnownFileType = sourcecode.c.objc; path = StudentAttendanceTableViewCell.m; sourceTree = "<group>"; };
		036AAD631BBF917C007AF0A8 /* Classroom Hero.entitlements */ = {isa = PBXFileReference; lastKnownFileType = text.xml; path = "Classroom Hero.entitlements"; sourceTree = "<group>"; };
		036E4ED21B9832EA00A06B25 /* MarketViewController.h */ = {isa = PBXFileReference; fileEncoding = 4; lastKnownFileType = sourcecode.c.h; path = MarketViewController.h; sourceTree = "<group>"; };
		036E4ED31B9832EA00A06B25 /* MarketViewController.m */ = {isa = PBXFileReference; fileEncoding = 4; lastKnownFileType = sourcecode.c.objc; path = MarketViewController.m; sourceTree = "<group>"; };
		037CAA651DFA02FA003EB05C /* showList.png */ = {isa = PBXFileReference; lastKnownFileType = image.png; path = showList.png; sourceTree = "<group>"; };
		03827CFA1E2F5E8300BEDFD4 /* ClassNavigationController.h */ = {isa = PBXFileReference; fileEncoding = 4; lastKnownFileType = sourcecode.c.h; path = ClassNavigationController.h; sourceTree = "<group>"; };
		03827CFB1E2F5E8300BEDFD4 /* ClassNavigationController.m */ = {isa = PBXFileReference; fileEncoding = 4; lastKnownFileType = sourcecode.c.objc; path = ClassNavigationController.m; sourceTree = "<group>"; };
		038545241B6359DD0053C169 /* emailTextField.h */ = {isa = PBXFileReference; fileEncoding = 4; lastKnownFileType = sourcecode.c.h; path = emailTextField.h; sourceTree = "<group>"; };
		038545251B6359DD0053C169 /* emailTextField.m */ = {isa = PBXFileReference; fileEncoding = 4; lastKnownFileType = sourcecode.c.objc; path = emailTextField.m; sourceTree = "<group>"; };
		038545271B6359E90053C169 /* passwordTextField.h */ = {isa = PBXFileReference; fileEncoding = 4; lastKnownFileType = sourcecode.c.h; path = passwordTextField.h; sourceTree = "<group>"; };
		038545281B6359E90053C169 /* passwordTextField.m */ = {isa = PBXFileReference; fileEncoding = 4; lastKnownFileType = sourcecode.c.objc; path = passwordTextField.m; sourceTree = "<group>"; };
		038545301B635B1F0053C169 /* baseTextField.h */ = {isa = PBXFileReference; fileEncoding = 4; lastKnownFileType = sourcecode.c.h; path = baseTextField.h; sourceTree = "<group>"; };
		038545311B635B1F0053C169 /* baseTextField.m */ = {isa = PBXFileReference; fileEncoding = 4; lastKnownFileType = sourcecode.c.objc; path = baseTextField.m; sourceTree = "<group>"; };
		038545361B636BB20053C169 /* CreateAccountViewController.h */ = {isa = PBXFileReference; fileEncoding = 4; lastKnownFileType = sourcecode.c.h; path = CreateAccountViewController.h; sourceTree = "<group>"; };
		038545371B636BB20053C169 /* CreateAccountViewController.m */ = {isa = PBXFileReference; fileEncoding = 4; lastKnownFileType = sourcecode.c.objc; path = CreateAccountViewController.m; sourceTree = "<group>"; };
		038545391B636BFF0053C169 /* nameTextField.h */ = {isa = PBXFileReference; fileEncoding = 4; lastKnownFileType = sourcecode.c.h; path = nameTextField.h; sourceTree = "<group>"; };
		0385453A1B636BFF0053C169 /* nameTextField.m */ = {isa = PBXFileReference; fileEncoding = 4; lastKnownFileType = sourcecode.c.objc; path = nameTextField.m; sourceTree = "<group>"; };
		038898351BB3AC4A00D12468 /* StudentsTableViewController.h */ = {isa = PBXFileReference; fileEncoding = 4; lastKnownFileType = sourcecode.c.h; path = StudentsTableViewController.h; sourceTree = "<group>"; };
		038898361BB3AC4A00D12468 /* StudentsTableViewController.m */ = {isa = PBXFileReference; fileEncoding = 4; lastKnownFileType = sourcecode.c.objc; path = StudentsTableViewController.m; sourceTree = "<group>"; };
		038898381BB3B6ED00D12468 /* StudentTableViewCell.h */ = {isa = PBXFileReference; fileEncoding = 4; lastKnownFileType = sourcecode.c.h; path = StudentTableViewCell.h; sourceTree = "<group>"; };
		038898391BB3B6ED00D12468 /* StudentTableViewCell.m */ = {isa = PBXFileReference; fileEncoding = 4; lastKnownFileType = sourcecode.c.objc; path = StudentTableViewCell.m; sourceTree = "<group>"; };
		0388983B1BB3CCDA00D12468 /* StudentViewController.h */ = {isa = PBXFileReference; fileEncoding = 4; lastKnownFileType = sourcecode.c.h; path = StudentViewController.h; sourceTree = "<group>"; };
		0388983C1BB3CCDA00D12468 /* StudentViewController.m */ = {isa = PBXFileReference; fileEncoding = 4; lastKnownFileType = sourcecode.c.objc; path = StudentViewController.m; sourceTree = "<group>"; };
		038F7B321B643FE30026F679 /* user.h */ = {isa = PBXFileReference; fileEncoding = 4; lastKnownFileType = sourcecode.c.h; path = user.h; sourceTree = "<group>"; };
		038F7B331B643FE30026F679 /* user.m */ = {isa = PBXFileReference; fileEncoding = 4; lastKnownFileType = sourcecode.c.objc; path = user.m; sourceTree = "<group>"; };
		039567C31BCE141100AFF48A /* coinsack.png */ = {isa = PBXFileReference; lastKnownFileType = image.png; path = coinsack.png; sourceTree = "<group>"; };
		039567C41BCE141100AFF48A /* jar_coin.png */ = {isa = PBXFileReference; lastKnownFileType = image.png; path = jar_coin.png; sourceTree = "<group>"; };
		039926CE1DBDC34F0008B8F7 /* StudentAwardTableViewCell.h */ = {isa = PBXFileReference; fileEncoding = 4; lastKnownFileType = sourcecode.c.h; path = StudentAwardTableViewCell.h; sourceTree = "<group>"; };
		039926CF1DBDC34F0008B8F7 /* StudentAwardTableViewCell.m */ = {isa = PBXFileReference; fileEncoding = 4; lastKnownFileType = sourcecode.c.objc; path = StudentAwardTableViewCell.m; sourceTree = "<group>"; };
		0399AAF01B846C6500972F21 /* ClassTableViewController.h */ = {isa = PBXFileReference; fileEncoding = 4; lastKnownFileType = sourcecode.c.h; path = ClassTableViewController.h; sourceTree = "<group>"; };
		0399AAF11B846C6500972F21 /* ClassTableViewController.m */ = {isa = PBXFileReference; fileEncoding = 4; lastKnownFileType = sourcecode.c.objc; path = ClassTableViewController.m; sourceTree = "<group>"; };
		0399AAF41B84731E00972F21 /* ClassTableViewCell.h */ = {isa = PBXFileReference; fileEncoding = 4; lastKnownFileType = sourcecode.c.h; path = ClassTableViewCell.h; sourceTree = "<group>"; };
		0399AAF51B84731E00972F21 /* ClassTableViewCell.m */ = {isa = PBXFileReference; fileEncoding = 4; lastKnownFileType = sourcecode.c.objc; path = ClassTableViewCell.m; sourceTree = "<group>"; };
		03A01ED51B68A33F0037110E /* TutorialViewController.h */ = {isa = PBXFileReference; fileEncoding = 4; lastKnownFileType = sourcecode.c.h; path = TutorialViewController.h; sourceTree = "<group>"; };
		03A01ED61B68A33F0037110E /* TutorialViewController.m */ = {isa = PBXFileReference; fileEncoding = 4; lastKnownFileType = sourcecode.c.objc; path = TutorialViewController.m; sourceTree = "<group>"; };
		03A01ED81B68A8C20037110E /* TutorialContentViewController.h */ = {isa = PBXFileReference; fileEncoding = 4; lastKnownFileType = sourcecode.c.h; path = TutorialContentViewController.h; sourceTree = "<group>"; };
		03A01ED91B68A8C20037110E /* TutorialContentViewController.m */ = {isa = PBXFileReference; fileEncoding = 4; lastKnownFileType = sourcecode.c.objc; path = TutorialContentViewController.m; sourceTree = "<group>"; };
		03AA99E11B6333C300750758 /* Classroom Hero.app */ = {isa = PBXFileReference; explicitFileType = wrapper.application; includeInIndex = 0; path = "Classroom Hero.app"; sourceTree = BUILT_PRODUCTS_DIR; };
		03AA99E51B6333C300750758 /* Info.plist */ = {isa = PBXFileReference; lastKnownFileType = text.plist.xml; path = Info.plist; sourceTree = "<group>"; };
		03AA99E61B6333C300750758 /* main.m */ = {isa = PBXFileReference; lastKnownFileType = sourcecode.c.objc; path = main.m; sourceTree = "<group>"; };
		03AA99E81B6333C300750758 /* AppDelegate.h */ = {isa = PBXFileReference; lastKnownFileType = sourcecode.c.h; path = AppDelegate.h; sourceTree = "<group>"; };
		03AA99E91B6333C300750758 /* AppDelegate.m */ = {isa = PBXFileReference; lastKnownFileType = sourcecode.c.objc; path = AppDelegate.m; sourceTree = "<group>"; };
		03AA99EF1B6333C300750758 /* Base */ = {isa = PBXFileReference; lastKnownFileType = file.storyboard; name = Base; path = Base.lproj/Main.storyboard; sourceTree = "<group>"; };
		03AA99F11B6333C300750758 /* Images.xcassets */ = {isa = PBXFileReference; lastKnownFileType = folder.assetcatalog; path = Images.xcassets; sourceTree = "<group>"; };
		03AA99F41B6333C400750758 /* Base */ = {isa = PBXFileReference; lastKnownFileType = file.xib; name = Base; path = Base.lproj/LaunchScreen.xib; sourceTree = "<group>"; };
		03AA99FA1B6333C400750758 /* Classroom HeroTests.xctest */ = {isa = PBXFileReference; explicitFileType = wrapper.cfbundle; includeInIndex = 0; path = "Classroom HeroTests.xctest"; sourceTree = BUILT_PRODUCTS_DIR; };
		03AA99FF1B6333C400750758 /* Info.plist */ = {isa = PBXFileReference; lastKnownFileType = text.plist.xml; path = Info.plist; sourceTree = "<group>"; };
		03AA9A001B6333C400750758 /* Classroom_HeroTests.m */ = {isa = PBXFileReference; lastKnownFileType = sourcecode.c.objc; path = Classroom_HeroTests.m; sourceTree = "<group>"; };
		03AA9A0A1B6336FE00750758 /* LoginViewController.h */ = {isa = PBXFileReference; fileEncoding = 4; lastKnownFileType = sourcecode.c.h; path = LoginViewController.h; sourceTree = "<group>"; };
		03AA9A0B1B6336FE00750758 /* LoginViewController.m */ = {isa = PBXFileReference; fileEncoding = 4; lastKnownFileType = sourcecode.c.objc; path = LoginViewController.m; sourceTree = "<group>"; };
		03AA9A0E1B63381B00750758 /* AmaticSC-Bold.ttf */ = {isa = PBXFileReference; lastKnownFileType = file; path = "AmaticSC-Bold.ttf"; sourceTree = "<group>"; };
		03AA9A0F1B63381B00750758 /* AmaticSC-Regular.ttf */ = {isa = PBXFileReference; lastKnownFileType = file; path = "AmaticSC-Regular.ttf"; sourceTree = "<group>"; };
		03AA9A101B63381B00750758 /* FontAwesome.ttf */ = {isa = PBXFileReference; lastKnownFileType = file; path = FontAwesome.ttf; sourceTree = "<group>"; };
		03AA9A151B63399D00750758 /* app icon.png */ = {isa = PBXFileReference; lastKnownFileType = image.png; path = "app icon.png"; sourceTree = "<group>"; };
		03AA9A161B63399D00750758 /* apple hero.png */ = {isa = PBXFileReference; lastKnownFileType = image.png; path = "apple hero.png"; sourceTree = "<group>"; };
		03AA9A171B63399D00750758 /* backgroundImg1.png */ = {isa = PBXFileReference; lastKnownFileType = image.png; path = backgroundImg1.png; sourceTree = "<group>"; };
		03AA9A181B63399D00750758 /* backLid.png */ = {isa = PBXFileReference; lastKnownFileType = image.png; path = backLid.png; sourceTree = "<group>"; };
		03AA9A191B63399D00750758 /* ch-logo.png */ = {isa = PBXFileReference; lastKnownFileType = image.png; path = "ch-logo.png"; sourceTree = "<group>"; };
		03AA9A1D1B63399D00750758 /* classroom_hero_text.png */ = {isa = PBXFileReference; lastKnownFileType = image.png; path = classroom_hero_text.png; sourceTree = "<group>"; };
		03AA9A1E1B63399D00750758 /* cork.png */ = {isa = PBXFileReference; lastKnownFileType = image.png; path = cork.png; sourceTree = "<group>"; };
		03AA9A1F1B63399D00750758 /* homeIcon.png */ = {isa = PBXFileReference; lastKnownFileType = image.png; path = homeIcon.png; sourceTree = "<group>"; };
		03AA9A201B63399D00750758 /* homeIconPressed.png */ = {isa = PBXFileReference; lastKnownFileType = image.png; path = homeIconPressed.png; sourceTree = "<group>"; };
		03AA9A211B63399D00750758 /* intact_jar.png */ = {isa = PBXFileReference; lastKnownFileType = image.png; path = intact_jar.png; sourceTree = "<group>"; };
		03AA9A221B63399D00750758 /* itemsIcon.png */ = {isa = PBXFileReference; lastKnownFileType = image.png; path = itemsIcon.png; sourceTree = "<group>"; };
		03AA9A231B63399D00750758 /* jar.png */ = {isa = PBXFileReference; lastKnownFileType = image.png; path = jar.png; sourceTree = "<group>"; };
		03AA9A251B63399D00750758 /* jar_progress_coins.png */ = {isa = PBXFileReference; lastKnownFileType = image.png; path = jar_progress_coins.png; sourceTree = "<group>"; };
		03AA9A271B63399D00750758 /* lid.png */ = {isa = PBXFileReference; lastKnownFileType = image.png; path = lid.png; sourceTree = "<group>"; };
		03AA9A281B63399D00750758 /* login button.png */ = {isa = PBXFileReference; lastKnownFileType = image.png; path = "login button.png"; sourceTree = "<group>"; };
		03AA9A361B63399D00750758 /* treasure_chest.png */ = {isa = PBXFileReference; lastKnownFileType = image.png; path = treasure_chest.png; sourceTree = "<group>"; };
		03AA9A591B633B8100750758 /* ConnectionHandler.h */ = {isa = PBXFileReference; fileEncoding = 4; lastKnownFileType = sourcecode.c.h; path = ConnectionHandler.h; sourceTree = "<group>"; };
		03AA9A5A1B633B8100750758 /* ConnectionHandler.m */ = {isa = PBXFileReference; fileEncoding = 4; lastKnownFileType = sourcecode.c.objc; path = ConnectionHandler.m; sourceTree = "<group>"; };
		03B206C41E3C76DD007E7BA7 /* StudentCollectionViewCell.h */ = {isa = PBXFileReference; fileEncoding = 4; lastKnownFileType = sourcecode.c.h; name = StudentCollectionViewCell.h; path = ../StudentCollectionViewCell.h; sourceTree = "<group>"; };
		03B206C51E3C76DD007E7BA7 /* StudentCollectionViewCell.m */ = {isa = PBXFileReference; fileEncoding = 4; lastKnownFileType = sourcecode.c.objc; name = StudentCollectionViewCell.m; path = ../StudentCollectionViewCell.m; sourceTree = "<group>"; };
		03B2B0F71BBA3AA900191B54 /* EditTeacherViewController.h */ = {isa = PBXFileReference; fileEncoding = 4; lastKnownFileType = sourcecode.c.h; path = EditTeacherViewController.h; sourceTree = "<group>"; };
		03B2B0F81BBA3AA900191B54 /* EditTeacherViewController.m */ = {isa = PBXFileReference; fileEncoding = 4; lastKnownFileType = sourcecode.c.objc; path = EditTeacherViewController.m; sourceTree = "<group>"; };
		03B3A02C1B71D0A800B42E09 /* Utilities.h */ = {isa = PBXFileReference; fileEncoding = 4; lastKnownFileType = sourcecode.c.h; path = Utilities.h; sourceTree = "<group>"; };
		03B3A02D1B71D0A800B42E09 /* Utilities.m */ = {isa = PBXFileReference; fileEncoding = 4; lastKnownFileType = sourcecode.c.objc; path = Utilities.m; sourceTree = "<group>"; };
		03BD411F1BCAE5AE00879B46 /* AttendanceViewController.h */ = {isa = PBXFileReference; fileEncoding = 4; lastKnownFileType = sourcecode.c.h; path = AttendanceViewController.h; sourceTree = "<group>"; };
		03BD41201BCAE5AE00879B46 /* AttendanceViewController.m */ = {isa = PBXFileReference; fileEncoding = 4; lastKnownFileType = sourcecode.c.objc; path = AttendanceViewController.m; sourceTree = "<group>"; };
		03DC9D981B7334F6005C7562 /* Notes */ = {isa = PBXFileReference; fileEncoding = 4; lastKnownFileType = text; path = Notes; sourceTree = "<group>"; };
		03DCFFD11B6C5A1900C451CC /* reinforcer.h */ = {isa = PBXFileReference; fileEncoding = 4; lastKnownFileType = sourcecode.c.h; path = reinforcer.h; sourceTree = "<group>"; };
		03DCFFD21B6C5A1900C451CC /* reinforcer.m */ = {isa = PBXFileReference; fileEncoding = 4; lastKnownFileType = sourcecode.c.objc; path = reinforcer.m; sourceTree = "<group>"; };
		03DCFFD41B6C63FC00C451CC /* libsqlite3.dylib */ = {isa = PBXFileReference; lastKnownFileType = "compiled.mach-o.dylib"; name = libsqlite3.dylib; path = usr/lib/libsqlite3.dylib; sourceTree = SDKROOT; };
		03DCFFD61B6C67F300C451CC /* item.h */ = {isa = PBXFileReference; fileEncoding = 4; lastKnownFileType = sourcecode.c.h; path = item.h; sourceTree = "<group>"; };
		03DCFFD71B6C67F300C451CC /* item.m */ = {isa = PBXFileReference; fileEncoding = 4; lastKnownFileType = sourcecode.c.objc; path = item.m; sourceTree = "<group>"; };
		03DCFFD91B6C6C8A00C451CC /* classjar.h */ = {isa = PBXFileReference; fileEncoding = 4; lastKnownFileType = sourcecode.c.h; path = classjar.h; sourceTree = "<group>"; };
		03DCFFDA1B6C6C8A00C451CC /* classjar.m */ = {isa = PBXFileReference; fileEncoding = 4; lastKnownFileType = sourcecode.c.objc; path = classjar.m; sourceTree = "<group>"; };
		03DCFFDC1B6C6FDA00C451CC /* school.h */ = {isa = PBXFileReference; fileEncoding = 4; lastKnownFileType = sourcecode.c.h; path = school.h; sourceTree = "<group>"; };
		03DCFFDD1B6C6FDA00C451CC /* school.m */ = {isa = PBXFileReference; fileEncoding = 4; lastKnownFileType = sourcecode.c.objc; path = school.m; sourceTree = "<group>"; };
		03F18BF01DE3D91B00389248 /* AwardMenuOptionTableViewCell.h */ = {isa = PBXFileReference; fileEncoding = 4; lastKnownFileType = sourcecode.c.h; path = AwardMenuOptionTableViewCell.h; sourceTree = "<group>"; };
		03F18BF11DE3D91B00389248 /* AwardMenuOptionTableViewCell.m */ = {isa = PBXFileReference; fileEncoding = 4; lastKnownFileType = sourcecode.c.objc; path = AwardMenuOptionTableViewCell.m; sourceTree = "<group>"; };
		03F46FB31B69CBAD00A695B2 /* DatabaseHandler.h */ = {isa = PBXFileReference; fileEncoding = 4; lastKnownFileType = sourcecode.c.h; path = DatabaseHandler.h; sourceTree = "<group>"; };
		03F46FB41B69CBAD00A695B2 /* DatabaseHandler.m */ = {isa = PBXFileReference; fileEncoding = 4; lastKnownFileType = sourcecode.c.objc; path = DatabaseHandler.m; sourceTree = "<group>"; };
		03F46FB61B69CC2700A695B2 /* class.h */ = {isa = PBXFileReference; fileEncoding = 4; lastKnownFileType = sourcecode.c.h; path = class.h; sourceTree = "<group>"; };
		03F46FB71B69CC2700A695B2 /* class.m */ = {isa = PBXFileReference; fileEncoding = 4; lastKnownFileType = sourcecode.c.objc; path = class.m; sourceTree = "<group>"; };
		03F46FB91B6B54C200A695B2 /* student.h */ = {isa = PBXFileReference; fileEncoding = 4; lastKnownFileType = sourcecode.c.h; path = student.h; sourceTree = "<group>"; };
		03F46FBA1B6B54C200A695B2 /* student.m */ = {isa = PBXFileReference; fileEncoding = 4; lastKnownFileType = sourcecode.c.objc; path = student.m; sourceTree = "<group>"; };
		03FC7E251DDDB32300C2ABFD /* jar_body.png */ = {isa = PBXFileReference; lastKnownFileType = image.png; path = jar_body.png; sourceTree = "<group>"; };
		1AB8BF0C0A5A56F4842E9C7F /* Pods-Classroom HeroTests.release.xcconfig */ = {isa = PBXFileReference; includeInIndex = 1; lastKnownFileType = text.xcconfig; name = "Pods-Classroom HeroTests.release.xcconfig"; path = "Pods/Target Support Files/Pods-Classroom HeroTests/Pods-Classroom HeroTests.release.xcconfig"; sourceTree = "<group>"; };
		88F4DA9BB516F3488A42C99A /* Pods-Classroom Hero.debug.xcconfig */ = {isa = PBXFileReference; includeInIndex = 1; lastKnownFileType = text.xcconfig; name = "Pods-Classroom Hero.debug.xcconfig"; path = "Pods/Target Support Files/Pods-Classroom Hero/Pods-Classroom Hero.debug.xcconfig"; sourceTree = "<group>"; };
		AEBA75A968A88E67CBF5DE79 /* Pods_Classroom_HeroTests.framework */ = {isa = PBXFileReference; explicitFileType = wrapper.framework; includeInIndex = 0; path = Pods_Classroom_HeroTests.framework; sourceTree = BUILT_PRODUCTS_DIR; };
		C215421CF3DB70258461A37E /* Pods-Classroom Hero.release.xcconfig */ = {isa = PBXFileReference; includeInIndex = 1; lastKnownFileType = text.xcconfig; name = "Pods-Classroom Hero.release.xcconfig"; path = "Pods/Target Support Files/Pods-Classroom Hero/Pods-Classroom Hero.release.xcconfig"; sourceTree = "<group>"; };
		E7818F5B4750C1C2B463B96A /* Pods_Classroom_Hero.framework */ = {isa = PBXFileReference; explicitFileType = wrapper.framework; includeInIndex = 0; path = Pods_Classroom_Hero.framework; sourceTree = BUILT_PRODUCTS_DIR; };
		F1B9AF344D1BF699AF5D8B4B /* Pods-Classroom HeroTests.debug.xcconfig */ = {isa = PBXFileReference; includeInIndex = 1; lastKnownFileType = text.xcconfig; name = "Pods-Classroom HeroTests.debug.xcconfig"; path = "Pods/Target Support Files/Pods-Classroom HeroTests/Pods-Classroom HeroTests.debug.xcconfig"; sourceTree = "<group>"; };
/* End PBXFileReference section */

/* Begin PBXFrameworksBuildPhase section */
		03AA99DE1B6333C300750758 /* Frameworks */ = {
			isa = PBXFrameworksBuildPhase;
			buildActionMask = 2147483647;
			files = (
				033AD09E1DF103CC00027405 /* Security.framework in Frameworks */,
				03DCFFD51B6C63FC00C451CC /* libsqlite3.dylib in Frameworks */,
				AADD903AECA7FD40514682E2 /* Pods_Classroom_Hero.framework in Frameworks */,
			);
			runOnlyForDeploymentPostprocessing = 0;
		};
		03AA99F71B6333C400750758 /* Frameworks */ = {
			isa = PBXFrameworksBuildPhase;
			buildActionMask = 2147483647;
			files = (
				CEEA5584546DE14FE7401446 /* Pods_Classroom_HeroTests.framework in Frameworks */,
			);
			runOnlyForDeploymentPostprocessing = 0;
		};
/* End PBXFrameworksBuildPhase section */

/* Begin PBXGroup section */
		033855751B89C97D00173600 /* icons */ = {
			isa = PBXGroup;
			children = (
				035BA08B1DDFC7DC003A9160 /* AppIcon.appiconset */,
			);
			path = icons;
			sourceTree = SOURCE_ROOT;
		};
		0338C8EE1C19366A0081F5F5 /* Views */ = {
			isa = PBXGroup;
			children = (
				03B61A511E39A2FE001AE0C2 /* CollectionViewCells */,
				0399AAF31B8472EA00972F21 /* TableViewCells */,
				038545201B6359A30053C169 /* Textfields */,
			);
			name = Views;
			sourceTree = "<group>";
		};
		0338C8EF1C1936870081F5F5 /* Controllers */ = {
			isa = PBXGroup;
			children = (
				036811531B8C498700690294 /* Sign in/ Sign up */,
				0399AAEF1B845E9F00972F21 /* Tutorial */,
				03A2C1D61BB8FFFD0073EBF8 /* Administrative */,
				0338C8F01C1936FD0081F5F5 /* Class */,
				0338C8F11C19370D0081F5F5 /* Student */,
				03492CF01B8863DB0015CD78 /* HomeViewController.h */,
				03492CF11B8863DB0015CD78 /* HomeViewController.m */,
				034B2F2A1E3D4CF1007D6ED3 /* HomeCollectionViewController.h */,
				034B2F2B1E3D4CF1007D6ED3 /* HomeCollectionViewController.m */,
				03BD411F1BCAE5AE00879B46 /* AttendanceViewController.h */,
				03BD41201BCAE5AE00879B46 /* AttendanceViewController.m */,
				034075D51B980A60008E14B2 /* AwardViewController.h */,
				034075D61B980A60008E14B2 /* AwardViewController.m */,
				034075D81B980CBA008E14B2 /* ClassJarViewController.h */,
				034075D91B980CBA008E14B2 /* ClassJarViewController.m */,
				036E4ED21B9832EA00A06B25 /* MarketViewController.h */,
				036E4ED31B9832EA00A06B25 /* MarketViewController.m */,
			);
			name = Controllers;
			sourceTree = "<group>";
		};
		0338C8F01C1936FD0081F5F5 /* Class */ = {
			isa = PBXGroup;
			children = (
				03827CFA1E2F5E8300BEDFD4 /* ClassNavigationController.h */,
				03827CFB1E2F5E8300BEDFD4 /* ClassNavigationController.m */,
				0399AAF01B846C6500972F21 /* ClassTableViewController.h */,
				0399AAF11B846C6500972F21 /* ClassTableViewController.m */,
				0338556F1B8996D400173600 /* CreateClassViewController.h */,
				033855701B8996D400173600 /* CreateClassViewController.m */,
			);
			name = Class;
			sourceTree = "<group>";
		};
		0338C8F11C19370D0081F5F5 /* Student */ = {
			isa = PBXGroup;
			children = (
				038898351BB3AC4A00D12468 /* StudentsTableViewController.h */,
				038898361BB3AC4A00D12468 /* StudentsTableViewController.m */,
				0388983B1BB3CCDA00D12468 /* StudentViewController.h */,
				0388983C1BB3CCDA00D12468 /* StudentViewController.m */,
			);
			name = Student;
			sourceTree = "<group>";
		};
		035BA08B1DDFC7DC003A9160 /* AppIcon.appiconset */ = {
			isa = PBXGroup;
			children = (
				035BA08C1DDFC7DC003A9160 /* Contents.json */,
				035BA08D1DDFC7DC003A9160 /* Icon-App-20x20@1x.png */,
				035BA08E1DDFC7DC003A9160 /* Icon-App-20x20@2x.png */,
				035BA08F1DDFC7DC003A9160 /* Icon-App-20x20@3x.png */,
				035BA0901DDFC7DC003A9160 /* Icon-App-29x29@1x.png */,
				035BA0911DDFC7DC003A9160 /* Icon-App-29x29@2x.png */,
				035BA0921DDFC7DC003A9160 /* Icon-App-29x29@3x.png */,
				035BA0931DDFC7DC003A9160 /* Icon-App-40x40@1x.png */,
				035BA0941DDFC7DC003A9160 /* Icon-App-40x40@2x.png */,
				035BA0951DDFC7DC003A9160 /* Icon-App-40x40@3x.png */,
				035BA0961DDFC7DC003A9160 /* Icon-App-57x57@1x.png */,
				035BA0971DDFC7DC003A9160 /* Icon-App-57x57@2x.png */,
				035BA0981DDFC7DC003A9160 /* Icon-App-60x60@1x.png */,
				035BA0991DDFC7DC003A9160 /* Icon-App-60x60@2x.png */,
				035BA09A1DDFC7DC003A9160 /* Icon-App-60x60@3x.png */,
				035BA09B1DDFC7DC003A9160 /* Icon-App-72x72@1x.png */,
				035BA09C1DDFC7DC003A9160 /* Icon-App-72x72@2x.png */,
				035BA09D1DDFC7DC003A9160 /* Icon-App-76x76@1x.png */,
				035BA09E1DDFC7DC003A9160 /* Icon-App-76x76@2x.png */,
				035BA09F1DDFC7DC003A9160 /* Icon-App-76x76@3x.png */,
				035BA0A01DDFC7DC003A9160 /* Icon-App-83.5x83.5@2x.png */,
				035BA0A11DDFC7DC003A9160 /* Icon-Small-50x50@1x.png */,
				035BA0A21DDFC7DC003A9160 /* Icon-Small-50x50@2x.png */,
			);
			path = AppIcon.appiconset;
			sourceTree = "<group>";
		};
		036811531B8C498700690294 /* Sign in/ Sign up */ = {
			isa = PBXGroup;
			children = (
				03AA9A0A1B6336FE00750758 /* LoginViewController.h */,
				03AA9A0B1B6336FE00750758 /* LoginViewController.m */,
				036811541B8C49B400690294 /* AboutViewController.h */,
				036811551B8C49B400690294 /* AboutViewController.m */,
				038545361B636BB20053C169 /* CreateAccountViewController.h */,
				038545371B636BB20053C169 /* CreateAccountViewController.m */,
			);
			name = "Sign in/ Sign up";
			sourceTree = "<group>";
		};
		038545201B6359A30053C169 /* Textfields */ = {
			isa = PBXGroup;
			children = (
				038545301B635B1F0053C169 /* baseTextField.h */,
				038545311B635B1F0053C169 /* baseTextField.m */,
				038545241B6359DD0053C169 /* emailTextField.h */,
				038545251B6359DD0053C169 /* emailTextField.m */,
				038545271B6359E90053C169 /* passwordTextField.h */,
				038545281B6359E90053C169 /* passwordTextField.m */,
				038545391B636BFF0053C169 /* nameTextField.h */,
				0385453A1B636BFF0053C169 /* nameTextField.m */,
				033855721B89984500173600 /* numberTextField.h */,
				033855731B89984500173600 /* numberTextField.m */,
			);
			name = Textfields;
			sourceTree = "<group>";
		};
		038F7B311B643FCC0026F679 /* Models */ = {
			isa = PBXGroup;
			children = (
				03DCFFDC1B6C6FDA00C451CC /* school.h */,
				03DCFFDD1B6C6FDA00C451CC /* school.m */,
				038F7B321B643FE30026F679 /* user.h */,
				038F7B331B643FE30026F679 /* user.m */,
				03F46FB61B69CC2700A695B2 /* class.h */,
				03F46FB71B69CC2700A695B2 /* class.m */,
				03F46FB91B6B54C200A695B2 /* student.h */,
				03F46FBA1B6B54C200A695B2 /* student.m */,
				03DCFFD11B6C5A1900C451CC /* reinforcer.h */,
				03DCFFD21B6C5A1900C451CC /* reinforcer.m */,
				03DCFFD61B6C67F300C451CC /* item.h */,
				03DCFFD71B6C67F300C451CC /* item.m */,
				03DCFFD91B6C6C8A00C451CC /* classjar.h */,
				03DCFFDA1B6C6C8A00C451CC /* classjar.m */,
			);
			name = Models;
			sourceTree = "<group>";
		};
		0399AAEF1B845E9F00972F21 /* Tutorial */ = {
			isa = PBXGroup;
			children = (
				03A01ED51B68A33F0037110E /* TutorialViewController.h */,
				03A01ED61B68A33F0037110E /* TutorialViewController.m */,
				03A01ED81B68A8C20037110E /* TutorialContentViewController.h */,
				03A01ED91B68A8C20037110E /* TutorialContentViewController.m */,
			);
			name = Tutorial;
			sourceTree = "<group>";
		};
		0399AAF31B8472EA00972F21 /* TableViewCells */ = {
			isa = PBXGroup;
			children = (
				039926CE1DBDC34F0008B8F7 /* StudentAwardTableViewCell.h */,
				039926CF1DBDC34F0008B8F7 /* StudentAwardTableViewCell.m */,
				0399AAF41B84731E00972F21 /* ClassTableViewCell.h */,
				0399AAF51B84731E00972F21 /* ClassTableViewCell.m */,
				038898381BB3B6ED00D12468 /* StudentTableViewCell.h */,
				038898391BB3B6ED00D12468 /* StudentTableViewCell.m */,
				0369CF8B1BE082EC00E8857D /* StudentAttendanceTableViewCell.h */,
				0369CF8C1BE082EC00E8857D /* StudentAttendanceTableViewCell.m */,
				03F18BF01DE3D91B00389248 /* AwardMenuOptionTableViewCell.h */,
				03F18BF11DE3D91B00389248 /* AwardMenuOptionTableViewCell.m */,
			);
			name = TableViewCells;
			sourceTree = "<group>";
		};
		03A2C1D61BB8FFFD0073EBF8 /* Administrative */ = {
			isa = PBXGroup;
			children = (
				03B2B0F71BBA3AA900191B54 /* EditTeacherViewController.h */,
				03B2B0F81BBA3AA900191B54 /* EditTeacherViewController.m */,
			);
			name = Administrative;
			sourceTree = "<group>";
		};
		03AA99D81B6333C300750758 = {
			isa = PBXGroup;
			children = (
				03AA99E31B6333C300750758 /* Classroom Hero */,
				03AA99FD1B6333C400750758 /* Classroom HeroTests */,
				03AA99E21B6333C300750758 /* Products */,
				884D67DE316D649C30B9C4A3 /* Frameworks */,
				22D4C911B7FD1BD5227B3E4B /* Pods */,
			);
			sourceTree = "<group>";
		};
		03AA99E21B6333C300750758 /* Products */ = {
			isa = PBXGroup;
			children = (
				03AA99E11B6333C300750758 /* Classroom Hero.app */,
				03AA99FA1B6333C400750758 /* Classroom HeroTests.xctest */,
			);
			name = Products;
			sourceTree = "<group>";
		};
		03AA99E31B6333C300750758 /* Classroom Hero */ = {
			isa = PBXGroup;
			children = (
				036AAD631BBF917C007AF0A8 /* Classroom Hero.entitlements */,
				03DC9D981B7334F6005C7562 /* Notes */,
				03AA99E81B6333C300750758 /* AppDelegate.h */,
				03AA99E91B6333C300750758 /* AppDelegate.m */,
				03AA99EE1B6333C300750758 /* Main.storyboard */,
				03B3A02C1B71D0A800B42E09 /* Utilities.h */,
				03B3A02D1B71D0A800B42E09 /* Utilities.m */,
				03AA9A591B633B8100750758 /* ConnectionHandler.h */,
				03AA9A5A1B633B8100750758 /* ConnectionHandler.m */,
				03F46FB31B69CBAD00A695B2 /* DatabaseHandler.h */,
				03F46FB41B69CBAD00A695B2 /* DatabaseHandler.m */,
				0338C8EF1C1936870081F5F5 /* Controllers */,
				0338C8EE1C19366A0081F5F5 /* Views */,
				038F7B311B643FCC0026F679 /* Models */,
				03AA99F11B6333C300750758 /* Images.xcassets */,
				03AA99E41B6333C300750758 /* Supporting Files */,
			);
			path = "Classroom Hero";
			sourceTree = "<group>";
		};
		03AA99E41B6333C300750758 /* Supporting Files */ = {
			isa = PBXGroup;
			children = (
				03AA99E51B6333C300750758 /* Info.plist */,
				035DF79C1DF4B07200C74F6C /* GoogleService-Info.plist */,
				034C92B61BF19A7B0090667C /* NSString+FontAwesome.h */,
				034C92B71BF19A7B0090667C /* NSString+FontAwesome.m */,
				03AA99F31B6333C400750758 /* LaunchScreen.xib */,
				03AA99E61B6333C300750758 /* main.m */,
				03DC9D811B732C7F005C7562 /* sounds */,
				033855751B89C97D00173600 /* icons */,
				03AA9A141B63399D00750758 /* img */,
				03AA9A0D1B63381B00750758 /* fonts */,
			);
			name = "Supporting Files";
			sourceTree = "<group>";
		};
		03AA99FD1B6333C400750758 /* Classroom HeroTests */ = {
			isa = PBXGroup;
			children = (
				03AA9A001B6333C400750758 /* Classroom_HeroTests.m */,
				03AA99FE1B6333C400750758 /* Supporting Files */,
			);
			path = "Classroom HeroTests";
			sourceTree = "<group>";
		};
		03AA99FE1B6333C400750758 /* Supporting Files */ = {
			isa = PBXGroup;
			children = (
				03AA99FF1B6333C400750758 /* Info.plist */,
			);
			name = "Supporting Files";
			sourceTree = "<group>";
		};
		03AA9A0D1B63381B00750758 /* fonts */ = {
			isa = PBXGroup;
			children = (
				03AA9A0E1B63381B00750758 /* AmaticSC-Bold.ttf */,
				03AA9A0F1B63381B00750758 /* AmaticSC-Regular.ttf */,
				03AA9A101B63381B00750758 /* FontAwesome.ttf */,
			);
			path = fonts;
			sourceTree = "<group>";
		};
		03AA9A141B63399D00750758 /* img */ = {
			isa = PBXGroup;
			children = (
				037CAA651DFA02FA003EB05C /* showList.png */,
				033AD0991DF00F0C00027405 /* deselectAll.png */,
				033AD09A1DF00F0C00027405 /* selectAll.png */,
				0300D5F41DE2D05000E29E83 /* glowing_chest.png */,
				03FC7E251DDDB32300C2ABFD /* jar_body.png */,
				0324E7EE1C4B51690079A441 /* coin.png */,
				039567C31BCE141100AFF48A /* coinsack.png */,
				039567C41BCE141100AFF48A /* jar_coin.png */,
				03AA9A151B63399D00750758 /* app icon.png */,
				03AA9A161B63399D00750758 /* apple hero.png */,
				03AA9A171B63399D00750758 /* backgroundImg1.png */,
				03AA9A181B63399D00750758 /* backLid.png */,
				03AA9A191B63399D00750758 /* ch-logo.png */,
				03AA9A1D1B63399D00750758 /* classroom_hero_text.png */,
				03AA9A1E1B63399D00750758 /* cork.png */,
				03AA9A1F1B63399D00750758 /* homeIcon.png */,
				03AA9A201B63399D00750758 /* homeIconPressed.png */,
				03AA9A211B63399D00750758 /* intact_jar.png */,
				03AA9A221B63399D00750758 /* itemsIcon.png */,
				03AA9A231B63399D00750758 /* jar.png */,
				03AA9A251B63399D00750758 /* jar_progress_coins.png */,
				03AA9A271B63399D00750758 /* lid.png */,
				03AA9A281B63399D00750758 /* login button.png */,
				03AA9A361B63399D00750758 /* treasure_chest.png */,
			);
			path = img;
			sourceTree = "<group>";
		};
		03B61A511E39A2FE001AE0C2 /* CollectionViewCells */ = {
			isa = PBXGroup;
			children = (
				03B206C41E3C76DD007E7BA7 /* StudentCollectionViewCell.h */,
				03B206C51E3C76DD007E7BA7 /* StudentCollectionViewCell.m */,
			);
			name = CollectionViewCells;
			sourceTree = "<group>";
		};
		03DC9D811B732C7F005C7562 /* sounds */ = {
			isa = PBXGroup;
			children = (
				033A4D9B1B75B25B006E90D6 /* achievement.wav */,
				033A4D9C1B75B25B006E90D6 /* award.mp3 */,
				033A4D9D1B75B25B006E90D6 /* bloop.wav */,
				033A4D9E1B75B25B006E90D6 /* coin_shake.wav */,
				033A4D9F1B75B25B006E90D6 /* correct.wav */,
				033A4DA01B75B25B006E90D6 /* jarsuccess.wav */,
				033A4DA11B75B25B006E90D6 /* pop.wav */,
				033A4DA21B75B25B006E90D6 /* positive.wav */,
				033A4DA31B75B25B006E90D6 /* register_fail.wav */,
				033A4DA41B75B25B006E90D6 /* sale.mp3 */,
				033A4DA51B75B25B006E90D6 /* teacherstamp.wav */,
			);
			path = sounds;
			sourceTree = SOURCE_ROOT;
		};
		22D4C911B7FD1BD5227B3E4B /* Pods */ = {
			isa = PBXGroup;
			children = (
				88F4DA9BB516F3488A42C99A /* Pods-Classroom Hero.debug.xcconfig */,
				C215421CF3DB70258461A37E /* Pods-Classroom Hero.release.xcconfig */,
				F1B9AF344D1BF699AF5D8B4B /* Pods-Classroom HeroTests.debug.xcconfig */,
				1AB8BF0C0A5A56F4842E9C7F /* Pods-Classroom HeroTests.release.xcconfig */,
			);
			name = Pods;
			sourceTree = "<group>";
		};
		884D67DE316D649C30B9C4A3 /* Frameworks */ = {
			isa = PBXGroup;
			children = (
				033AD09D1DF103CC00027405 /* Security.framework */,
				03DCFFD41B6C63FC00C451CC /* libsqlite3.dylib */,
				E7818F5B4750C1C2B463B96A /* Pods_Classroom_Hero.framework */,
				AEBA75A968A88E67CBF5DE79 /* Pods_Classroom_HeroTests.framework */,
			);
			name = Frameworks;
			sourceTree = "<group>";
		};
/* End PBXGroup section */

/* Begin PBXNativeTarget section */
		03AA99E01B6333C300750758 /* Classroom Hero */ = {
			isa = PBXNativeTarget;
			buildConfigurationList = 03AA9A041B6333C400750758 /* Build configuration list for PBXNativeTarget "Classroom Hero" */;
			buildPhases = (
				7C7C4007512459A86B1F8282 /* [CP] Check Pods Manifest.lock */,
				03AA99DD1B6333C300750758 /* Sources */,
				03AA99DE1B6333C300750758 /* Frameworks */,
				03AA99DF1B6333C300750758 /* Resources */,
				EF075F441EEDBB1A886E2C2F /* [CP] Embed Pods Frameworks */,
				BEFF86D19F12E39478CF0FFA /* [CP] Copy Pods Resources */,
			);
			buildRules = (
			);
			dependencies = (
			);
			name = "Classroom Hero";
			productName = "Classroom Hero";
			productReference = 03AA99E11B6333C300750758 /* Classroom Hero.app */;
			productType = "com.apple.product-type.application";
		};
		03AA99F91B6333C400750758 /* Classroom HeroTests */ = {
			isa = PBXNativeTarget;
			buildConfigurationList = 03AA9A071B6333C400750758 /* Build configuration list for PBXNativeTarget "Classroom HeroTests" */;
			buildPhases = (
				EBF3AC0B08451419658936D9 /* [CP] Check Pods Manifest.lock */,
				03AA99F61B6333C400750758 /* Sources */,
				03AA99F71B6333C400750758 /* Frameworks */,
				03AA99F81B6333C400750758 /* Resources */,
				0C9450375A5951FA8CE33768 /* [CP] Embed Pods Frameworks */,
				AED1082B07C140571CD83250 /* [CP] Copy Pods Resources */,
			);
			buildRules = (
			);
			dependencies = (
				03AA99FC1B6333C400750758 /* PBXTargetDependency */,
			);
			name = "Classroom HeroTests";
			productName = "Classroom HeroTests";
			productReference = 03AA99FA1B6333C400750758 /* Classroom HeroTests.xctest */;
			productType = "com.apple.product-type.bundle.unit-test";
		};
/* End PBXNativeTarget section */

/* Begin PBXProject section */
		03AA99D91B6333C300750758 /* Project object */ = {
			isa = PBXProject;
			attributes = {
				LastUpgradeCheck = 0810;
				ORGANIZATIONNAME = "Josh Nussbaum";
				TargetAttributes = {
					03AA99E01B6333C300750758 = {
						CreatedOnToolsVersion = 6.3.1;
						DevelopmentTeam = B28Q4692N6;
						ProvisioningStyle = Automatic;
						SystemCapabilities = {
							com.apple.OMC = {
								enabled = 0;
							};
						};
					};
					03AA99F91B6333C400750758 = {
						CreatedOnToolsVersion = 6.3.1;
						TestTargetID = 03AA99E01B6333C300750758;
					};
				};
			};
			buildConfigurationList = 03AA99DC1B6333C300750758 /* Build configuration list for PBXProject "Classroom Hero" */;
			compatibilityVersion = "Xcode 3.2";
			developmentRegion = English;
			hasScannedForEncodings = 0;
			knownRegions = (
				en,
				Base,
			);
			mainGroup = 03AA99D81B6333C300750758;
			productRefGroup = 03AA99E21B6333C300750758 /* Products */;
			projectDirPath = "";
			projectRoot = "";
			targets = (
				03AA99E01B6333C300750758 /* Classroom Hero */,
				03AA99F91B6333C400750758 /* Classroom HeroTests */,
			);
		};
/* End PBXProject section */

/* Begin PBXResourcesBuildPhase section */
		03AA99DF1B6333C300750758 /* Resources */ = {
			isa = PBXResourcesBuildPhase;
			buildActionMask = 2147483647;
			files = (
				03AA9A451B63399D00750758 /* jar.png in Resources */,
				03AA9A391B63399D00750758 /* backgroundImg1.png in Resources */,
				035BA0A41DDFC7DC003A9160 /* Icon-App-20x20@1x.png in Resources */,
				03AA9A471B63399D00750758 /* jar_progress_coins.png in Resources */,
				035BA0B01DDFC7DC003A9160 /* Icon-App-60x60@2x.png in Resources */,
				03AA9A121B63381B00750758 /* AmaticSC-Regular.ttf in Resources */,
				033A4DA71B75B25B006E90D6 /* award.mp3 in Resources */,
				035BA0AB1DDFC7DC003A9160 /* Icon-App-40x40@2x.png in Resources */,
				03AA9A381B63399D00750758 /* apple hero.png in Resources */,
				03AA9A111B63381B00750758 /* AmaticSC-Bold.ttf in Resources */,
				035BA0A51DDFC7DC003A9160 /* Icon-App-20x20@2x.png in Resources */,
				03AA9A421B63399D00750758 /* homeIconPressed.png in Resources */,
				033A4DAD1B75B25B006E90D6 /* positive.wav in Resources */,
				03AA9A491B63399D00750758 /* lid.png in Resources */,
				033A4DAE1B75B25B006E90D6 /* register_fail.wav in Resources */,
				035BA0B81DDFC7DC003A9160 /* Icon-Small-50x50@1x.png in Resources */,
				039567C71BCE141100AFF48A /* coinsack.png in Resources */,
				033A4DAA1B75B25B006E90D6 /* correct.wav in Resources */,
				035BA0A91DDFC7DC003A9160 /* Icon-App-29x29@3x.png in Resources */,
				0324E7EF1C4B51690079A441 /* coin.png in Resources */,
				033A4DAC1B75B25B006E90D6 /* pop.wav in Resources */,
				033A4DAB1B75B25B006E90D6 /* jarsuccess.wav in Resources */,
				03AA9A3A1B63399D00750758 /* backLid.png in Resources */,
				035BA0B61DDFC7DC003A9160 /* Icon-App-76x76@3x.png in Resources */,
				0300D5F51DE2D05000E29E83 /* glowing_chest.png in Resources */,
				039567C81BCE141100AFF48A /* jar_coin.png in Resources */,
				03AA99F01B6333C300750758 /* Main.storyboard in Resources */,
				03AA9A4A1B63399D00750758 /* login button.png in Resources */,
				033A4DA81B75B25B006E90D6 /* bloop.wav in Resources */,
				035BA0B91DDFC7DC003A9160 /* Icon-Small-50x50@2x.png in Resources */,
				033A4DA91B75B25B006E90D6 /* coin_shake.wav in Resources */,
				03AA9A441B63399D00750758 /* itemsIcon.png in Resources */,
				033AD09C1DF00F0C00027405 /* selectAll.png in Resources */,
				035BA0A61DDFC7DC003A9160 /* Icon-App-20x20@3x.png in Resources */,
				03AA9A411B63399D00750758 /* homeIcon.png in Resources */,
				03AA9A3B1B63399D00750758 /* ch-logo.png in Resources */,
				033A4DA61B75B25B006E90D6 /* achievement.wav in Resources */,
				033AD09B1DF00F0C00027405 /* deselectAll.png in Resources */,
				03DC9D991B7334F6005C7562 /* Notes in Resources */,
				035BA0B71DDFC7DC003A9160 /* Icon-App-83.5x83.5@2x.png in Resources */,
				035BA0AC1DDFC7DC003A9160 /* Icon-App-40x40@3x.png in Resources */,
				035DF79D1DF4B07200C74F6C /* GoogleService-Info.plist in Resources */,
				03AA99F51B6333C400750758 /* LaunchScreen.xib in Resources */,
				033A4DAF1B75B25B006E90D6 /* sale.mp3 in Resources */,
				03AA9A401B63399D00750758 /* cork.png in Resources */,
				03AA9A3F1B63399D00750758 /* classroom_hero_text.png in Resources */,
				035BA0B51DDFC7DC003A9160 /* Icon-App-76x76@2x.png in Resources */,
				035BA0AF1DDFC7DC003A9160 /* Icon-App-60x60@1x.png in Resources */,
				035BA0AD1DDFC7DC003A9160 /* Icon-App-57x57@1x.png in Resources */,
				03AA9A371B63399D00750758 /* app icon.png in Resources */,
				035BA0A81DDFC7DC003A9160 /* Icon-App-29x29@2x.png in Resources */,
				035BA0B21DDFC7DC003A9160 /* Icon-App-72x72@1x.png in Resources */,
				03AA99F21B6333C300750758 /* Images.xcassets in Resources */,
				03AA9A431B63399D00750758 /* intact_jar.png in Resources */,
				035BA0B11DDFC7DC003A9160 /* Icon-App-60x60@3x.png in Resources */,
				035BA0A31DDFC7DC003A9160 /* Contents.json in Resources */,
				035BA0B31DDFC7DC003A9160 /* Icon-App-72x72@2x.png in Resources */,
				037CAA661DFA02FA003EB05C /* showList.png in Resources */,
				035BA0AA1DDFC7DC003A9160 /* Icon-App-40x40@1x.png in Resources */,
				035BA0B41DDFC7DC003A9160 /* Icon-App-76x76@1x.png in Resources */,
				035BA0A71DDFC7DC003A9160 /* Icon-App-29x29@1x.png in Resources */,
				03AA9A131B63381B00750758 /* FontAwesome.ttf in Resources */,
				033A4DB01B75B25B006E90D6 /* teacherstamp.wav in Resources */,
				03AA9A581B63399D00750758 /* treasure_chest.png in Resources */,
				03FC7E261DDDB32300C2ABFD /* jar_body.png in Resources */,
				035BA0AE1DDFC7DC003A9160 /* Icon-App-57x57@2x.png in Resources */,
			);
			runOnlyForDeploymentPostprocessing = 0;
		};
		03AA99F81B6333C400750758 /* Resources */ = {
			isa = PBXResourcesBuildPhase;
			buildActionMask = 2147483647;
			files = (
			);
			runOnlyForDeploymentPostprocessing = 0;
		};
/* End PBXResourcesBuildPhase section */

/* Begin PBXShellScriptBuildPhase section */
		0C9450375A5951FA8CE33768 /* [CP] Embed Pods Frameworks */ = {
			isa = PBXShellScriptBuildPhase;
			buildActionMask = 2147483647;
			files = (
			);
			inputPaths = (
			);
			name = "[CP] Embed Pods Frameworks";
			outputPaths = (
			);
			runOnlyForDeploymentPostprocessing = 0;
			shellPath = /bin/sh;
			shellScript = "\"${SRCROOT}/Pods/Target Support Files/Pods-Classroom HeroTests/Pods-Classroom HeroTests-frameworks.sh\"\n";
			showEnvVarsInLog = 0;
		};
		7C7C4007512459A86B1F8282 /* [CP] Check Pods Manifest.lock */ = {
			isa = PBXShellScriptBuildPhase;
			buildActionMask = 2147483647;
			files = (
			);
			inputPaths = (
			);
			name = "[CP] Check Pods Manifest.lock";
			outputPaths = (
			);
			runOnlyForDeploymentPostprocessing = 0;
			shellPath = /bin/sh;
			shellScript = "diff \"${PODS_ROOT}/../Podfile.lock\" \"${PODS_ROOT}/Manifest.lock\" > /dev/null\nif [ $? != 0 ] ; then\n    # print error to STDERR\n    echo \"error: The sandbox is not in sync with the Podfile.lock. Run 'pod install' or update your CocoaPods installation.\" >&2\n    exit 1\nfi\n";
			showEnvVarsInLog = 0;
		};
		AED1082B07C140571CD83250 /* [CP] Copy Pods Resources */ = {
			isa = PBXShellScriptBuildPhase;
			buildActionMask = 2147483647;
			files = (
			);
			inputPaths = (
			);
			name = "[CP] Copy Pods Resources";
			outputPaths = (
			);
			runOnlyForDeploymentPostprocessing = 0;
			shellPath = /bin/sh;
			shellScript = "\"${SRCROOT}/Pods/Target Support Files/Pods-Classroom HeroTests/Pods-Classroom HeroTests-resources.sh\"\n";
			showEnvVarsInLog = 0;
		};
		BEFF86D19F12E39478CF0FFA /* [CP] Copy Pods Resources */ = {
			isa = PBXShellScriptBuildPhase;
			buildActionMask = 2147483647;
			files = (
			);
			inputPaths = (
			);
			name = "[CP] Copy Pods Resources";
			outputPaths = (
			);
			runOnlyForDeploymentPostprocessing = 0;
			shellPath = /bin/sh;
			shellScript = "\"${SRCROOT}/Pods/Target Support Files/Pods-Classroom Hero/Pods-Classroom Hero-resources.sh\"\n";
			showEnvVarsInLog = 0;
		};
		EBF3AC0B08451419658936D9 /* [CP] Check Pods Manifest.lock */ = {
			isa = PBXShellScriptBuildPhase;
			buildActionMask = 2147483647;
			files = (
			);
			inputPaths = (
			);
			name = "[CP] Check Pods Manifest.lock";
			outputPaths = (
			);
			runOnlyForDeploymentPostprocessing = 0;
			shellPath = /bin/sh;
			shellScript = "diff \"${PODS_ROOT}/../Podfile.lock\" \"${PODS_ROOT}/Manifest.lock\" > /dev/null\nif [ $? != 0 ] ; then\n    # print error to STDERR\n    echo \"error: The sandbox is not in sync with the Podfile.lock. Run 'pod install' or update your CocoaPods installation.\" >&2\n    exit 1\nfi\n";
			showEnvVarsInLog = 0;
		};
		EF075F441EEDBB1A886E2C2F /* [CP] Embed Pods Frameworks */ = {
			isa = PBXShellScriptBuildPhase;
			buildActionMask = 2147483647;
			files = (
			);
			inputPaths = (
			);
			name = "[CP] Embed Pods Frameworks";
			outputPaths = (
			);
			runOnlyForDeploymentPostprocessing = 0;
			shellPath = /bin/sh;
			shellScript = "\"${SRCROOT}/Pods/Target Support Files/Pods-Classroom Hero/Pods-Classroom Hero-frameworks.sh\"\n";
			showEnvVarsInLog = 0;
		};
/* End PBXShellScriptBuildPhase section */

/* Begin PBXSourcesBuildPhase section */
		03AA99DD1B6333C300750758 /* Sources */ = {
			isa = PBXSourcesBuildPhase;
			buildActionMask = 2147483647;
			files = (
				03DCFFD81B6C67F300C451CC /* item.m in Sources */,
				0399AAF21B846C6500972F21 /* ClassTableViewController.m in Sources */,
				038F7B341B643FE30026F679 /* user.m in Sources */,
				033855741B89984500173600 /* numberTextField.m in Sources */,
				03DCFFDB1B6C6C8A00C451CC /* classjar.m in Sources */,
				0399AAF61B84731E00972F21 /* ClassTableViewCell.m in Sources */,
				038545381B636BB20053C169 /* CreateAccountViewController.m in Sources */,
				038545261B6359DD0053C169 /* emailTextField.m in Sources */,
				034075DA1B980CBB008E14B2 /* ClassJarViewController.m in Sources */,
				034B2F2C1E3D4CF1007D6ED3 /* HomeCollectionViewController.m in Sources */,
				03AA9A5B1B633B8100750758 /* ConnectionHandler.m in Sources */,
				03F46FB81B69CC2700A695B2 /* class.m in Sources */,
				03492CF21B8863DB0015CD78 /* HomeViewController.m in Sources */,
				038545321B635B1F0053C169 /* baseTextField.m in Sources */,
				034C92B81BF19A7B0090667C /* NSString+FontAwesome.m in Sources */,
				034075D71B980A60008E14B2 /* AwardViewController.m in Sources */,
				03DCFFD31B6C5A1900C451CC /* reinforcer.m in Sources */,
				0388983D1BB3CCDA00D12468 /* StudentViewController.m in Sources */,
				0385453B1B636BFF0053C169 /* nameTextField.m in Sources */,
				03AA99EA1B6333C300750758 /* AppDelegate.m in Sources */,
				038545291B6359E90053C169 /* passwordTextField.m in Sources */,
				033855711B8996D400173600 /* CreateClassViewController.m in Sources */,
				039926D01DBDC34F0008B8F7 /* StudentAwardTableViewCell.m in Sources */,
				036E4ED41B9832EA00A06B25 /* MarketViewController.m in Sources */,
				0369CF8D1BE082EC00E8857D /* StudentAttendanceTableViewCell.m in Sources */,
				03A01EDA1B68A8C20037110E /* TutorialContentViewController.m in Sources */,
				03F46FBB1B6B54C200A695B2 /* student.m in Sources */,
				03B3A02E1B71D0A800B42E09 /* Utilities.m in Sources */,
				03F18BF21DE3D91B00389248 /* AwardMenuOptionTableViewCell.m in Sources */,
				03B206C61E3C76DD007E7BA7 /* StudentCollectionViewCell.m in Sources */,
				03827CFC1E2F5E8300BEDFD4 /* ClassNavigationController.m in Sources */,
				03AA99E71B6333C300750758 /* main.m in Sources */,
				038898371BB3AC4A00D12468 /* StudentsTableViewController.m in Sources */,
				03BD41211BCAE5AE00879B46 /* AttendanceViewController.m in Sources */,
				03AA9A0C1B6336FE00750758 /* LoginViewController.m in Sources */,
				03F46FB51B69CBAD00A695B2 /* DatabaseHandler.m in Sources */,
				03A01ED71B68A33F0037110E /* TutorialViewController.m in Sources */,
				036811561B8C49B400690294 /* AboutViewController.m in Sources */,
				03DCFFDE1B6C6FDA00C451CC /* school.m in Sources */,
				0388983A1BB3B6ED00D12468 /* StudentTableViewCell.m in Sources */,
				03B2B0F91BBA3AA900191B54 /* EditTeacherViewController.m in Sources */,
			);
			runOnlyForDeploymentPostprocessing = 0;
		};
		03AA99F61B6333C400750758 /* Sources */ = {
			isa = PBXSourcesBuildPhase;
			buildActionMask = 2147483647;
			files = (
				03AA9A011B6333C400750758 /* Classroom_HeroTests.m in Sources */,
			);
			runOnlyForDeploymentPostprocessing = 0;
		};
/* End PBXSourcesBuildPhase section */

/* Begin PBXTargetDependency section */
		03AA99FC1B6333C400750758 /* PBXTargetDependency */ = {
			isa = PBXTargetDependency;
			target = 03AA99E01B6333C300750758 /* Classroom Hero */;
			targetProxy = 03AA99FB1B6333C400750758 /* PBXContainerItemProxy */;
		};
/* End PBXTargetDependency section */

/* Begin PBXVariantGroup section */
		03AA99EE1B6333C300750758 /* Main.storyboard */ = {
			isa = PBXVariantGroup;
			children = (
				03AA99EF1B6333C300750758 /* Base */,
			);
			name = Main.storyboard;
			sourceTree = "<group>";
		};
		03AA99F31B6333C400750758 /* LaunchScreen.xib */ = {
			isa = PBXVariantGroup;
			children = (
				03AA99F41B6333C400750758 /* Base */,
			);
			name = LaunchScreen.xib;
			sourceTree = "<group>";
		};
/* End PBXVariantGroup section */

/* Begin XCBuildConfiguration section */
		03AA9A021B6333C400750758 /* Debug */ = {
			isa = XCBuildConfiguration;
			buildSettings = {
				ALWAYS_SEARCH_USER_PATHS = NO;
				CLANG_CXX_LANGUAGE_STANDARD = "gnu++0x";
				CLANG_CXX_LIBRARY = "libc++";
				CLANG_ENABLE_MODULES = YES;
				CLANG_ENABLE_OBJC_ARC = YES;
				CLANG_WARN_BOOL_CONVERSION = YES;
				CLANG_WARN_CONSTANT_CONVERSION = YES;
				CLANG_WARN_DIRECT_OBJC_ISA_USAGE = YES_ERROR;
				CLANG_WARN_EMPTY_BODY = YES;
				CLANG_WARN_ENUM_CONVERSION = YES;
				CLANG_WARN_INFINITE_RECURSION = YES;
				CLANG_WARN_INT_CONVERSION = YES;
				CLANG_WARN_OBJC_ROOT_CLASS = YES_ERROR;
				CLANG_WARN_SUSPICIOUS_MOVE = YES;
				CLANG_WARN_UNREACHABLE_CODE = YES;
				CLANG_WARN__DUPLICATE_METHOD_MATCH = YES;
				"CODE_SIGN_IDENTITY[sdk=iphoneos*]" = "iPhone Developer";
				COPY_PHASE_STRIP = NO;
				DEBUG_INFORMATION_FORMAT = "dwarf-with-dsym";
				ENABLE_STRICT_OBJC_MSGSEND = YES;
				ENABLE_TESTABILITY = YES;
				GCC_C_LANGUAGE_STANDARD = gnu99;
				GCC_DYNAMIC_NO_PIC = NO;
				GCC_NO_COMMON_BLOCKS = YES;
				GCC_OPTIMIZATION_LEVEL = 0;
				GCC_PREPROCESSOR_DEFINITIONS = (
					"DEBUG=1",
					"$(inherited)",
				);
				GCC_SYMBOLS_PRIVATE_EXTERN = NO;
				GCC_WARN_64_TO_32_BIT_CONVERSION = YES;
				GCC_WARN_ABOUT_RETURN_TYPE = YES_ERROR;
				GCC_WARN_UNDECLARED_SELECTOR = YES;
				GCC_WARN_UNINITIALIZED_AUTOS = YES_AGGRESSIVE;
				GCC_WARN_UNUSED_FUNCTION = YES;
				GCC_WARN_UNUSED_VARIABLE = YES;
				IPHONEOS_DEPLOYMENT_TARGET = 8.0;
				MTL_ENABLE_DEBUG_INFO = YES;
				ONLY_ACTIVE_ARCH = YES;
				SDKROOT = iphoneos;
			};
			name = Debug;
		};
		03AA9A031B6333C400750758 /* Release */ = {
			isa = XCBuildConfiguration;
			buildSettings = {
				ALWAYS_SEARCH_USER_PATHS = NO;
				CLANG_CXX_LANGUAGE_STANDARD = "gnu++0x";
				CLANG_CXX_LIBRARY = "libc++";
				CLANG_ENABLE_MODULES = YES;
				CLANG_ENABLE_OBJC_ARC = YES;
				CLANG_WARN_BOOL_CONVERSION = YES;
				CLANG_WARN_CONSTANT_CONVERSION = YES;
				CLANG_WARN_DIRECT_OBJC_ISA_USAGE = YES_ERROR;
				CLANG_WARN_EMPTY_BODY = YES;
				CLANG_WARN_ENUM_CONVERSION = YES;
				CLANG_WARN_INFINITE_RECURSION = YES;
				CLANG_WARN_INT_CONVERSION = YES;
				CLANG_WARN_OBJC_ROOT_CLASS = YES_ERROR;
				CLANG_WARN_SUSPICIOUS_MOVE = YES;
				CLANG_WARN_UNREACHABLE_CODE = YES;
				CLANG_WARN__DUPLICATE_METHOD_MATCH = YES;
				"CODE_SIGN_IDENTITY[sdk=iphoneos*]" = "iPhone Developer";
				COPY_PHASE_STRIP = NO;
				DEBUG_INFORMATION_FORMAT = "dwarf-with-dsym";
				ENABLE_NS_ASSERTIONS = NO;
				ENABLE_STRICT_OBJC_MSGSEND = YES;
				GCC_C_LANGUAGE_STANDARD = gnu99;
				GCC_NO_COMMON_BLOCKS = YES;
				GCC_WARN_64_TO_32_BIT_CONVERSION = YES;
				GCC_WARN_ABOUT_RETURN_TYPE = YES_ERROR;
				GCC_WARN_UNDECLARED_SELECTOR = YES;
				GCC_WARN_UNINITIALIZED_AUTOS = YES_AGGRESSIVE;
				GCC_WARN_UNUSED_FUNCTION = YES;
				GCC_WARN_UNUSED_VARIABLE = YES;
				IPHONEOS_DEPLOYMENT_TARGET = 8.0;
				MTL_ENABLE_DEBUG_INFO = NO;
				SDKROOT = iphoneos;
				VALIDATE_PRODUCT = YES;
			};
			name = Release;
		};
		03AA9A051B6333C400750758 /* Debug */ = {
			isa = XCBuildConfiguration;
			baseConfigurationReference = 88F4DA9BB516F3488A42C99A /* Pods-Classroom Hero.debug.xcconfig */;
			buildSettings = {
				ASSETCATALOG_COMPILER_APPICON_NAME = AppIcon;
				ASSETCATALOG_COMPILER_LAUNCHIMAGE_NAME = "Brand Assets";
				CODE_SIGN_IDENTITY = "iPhone Developer";
				"CODE_SIGN_IDENTITY[sdk=iphoneos*]" = "iPhone Developer";
				DEVELOPMENT_TEAM = B28Q4692N6;
				INFOPLIST_FILE = "Classroom Hero/Info.plist";
				IPHONEOS_DEPLOYMENT_TARGET = 8.0;
				LD_RUNPATH_SEARCH_PATHS = "$(inherited) @executable_path/Frameworks";
				LIBRARY_SEARCH_PATHS = "$(inherited)";
				"OTHER_LDFLAGS[arch=*]" = (
					"$(inherited)",
					"-ObjC",
					"-framework",
					"\"CircleProgressBar\"",
					"-framework",
					"\"JSBadgeView\"",
					"-framework",
					"\"MBProgressHUD\"",
					"-framework",
					"\"YLProgressBar\"",
				);
				PRODUCT_BUNDLE_IDENTIFIER = "Classroomhero.Classroom-Hero";
				PRODUCT_NAME = "$(TARGET_NAME)";
				PROVISIONING_PROFILE = "";
				PROVISIONING_PROFILE_SPECIFIER = "";
				TARGETED_DEVICE_FAMILY = 2;
			};
			name = Debug;
		};
		03AA9A061B6333C400750758 /* Release */ = {
			isa = XCBuildConfiguration;
			baseConfigurationReference = C215421CF3DB70258461A37E /* Pods-Classroom Hero.release.xcconfig */;
			buildSettings = {
				ASSETCATALOG_COMPILER_APPICON_NAME = AppIcon;
				ASSETCATALOG_COMPILER_LAUNCHIMAGE_NAME = "Brand Assets";
				CODE_SIGN_IDENTITY = "iPhone Developer";
				"CODE_SIGN_IDENTITY[sdk=iphoneos*]" = "iPhone Developer";
				DEVELOPMENT_TEAM = B28Q4692N6;
				INFOPLIST_FILE = "Classroom Hero/Info.plist";
				IPHONEOS_DEPLOYMENT_TARGET = 8.0;
				LD_RUNPATH_SEARCH_PATHS = "$(inherited) @executable_path/Frameworks";
				LIBRARY_SEARCH_PATHS = "$(inherited)";
				PRODUCT_BUNDLE_IDENTIFIER = "Classroomhero.Classroom-Hero";
				PRODUCT_NAME = "$(TARGET_NAME)";
				PROVISIONING_PROFILE = "";
				PROVISIONING_PROFILE_SPECIFIER = "";
				TARGETED_DEVICE_FAMILY = 2;
			};
			name = Release;
		};
		03AA9A081B6333C400750758 /* Debug */ = {
			isa = XCBuildConfiguration;
			baseConfigurationReference = F1B9AF344D1BF699AF5D8B4B /* Pods-Classroom HeroTests.debug.xcconfig */;
			buildSettings = {
				BUNDLE_LOADER = "$(TEST_HOST)";
				FRAMEWORK_SEARCH_PATHS = (
					"$(SDKROOT)/Developer/Library/Frameworks",
					"$(inherited)",
				);
				GCC_PREPROCESSOR_DEFINITIONS = (
					"DEBUG=1",
					"$(inherited)",
				);
				INFOPLIST_FILE = "Classroom HeroTests/Info.plist";
				LD_RUNPATH_SEARCH_PATHS = "$(inherited) @executable_path/Frameworks @loader_path/Frameworks";
				PRODUCT_BUNDLE_IDENTIFIER = "com.joshnussbaum.$(PRODUCT_NAME:rfc1034identifier)";
				PRODUCT_NAME = "$(TARGET_NAME)";
				TEST_HOST = "$(BUILT_PRODUCTS_DIR)/Classroom Hero.app/Classroom Hero";
			};
			name = Debug;
		};
		03AA9A091B6333C400750758 /* Release */ = {
			isa = XCBuildConfiguration;
			baseConfigurationReference = 1AB8BF0C0A5A56F4842E9C7F /* Pods-Classroom HeroTests.release.xcconfig */;
			buildSettings = {
				BUNDLE_LOADER = "$(TEST_HOST)";
				FRAMEWORK_SEARCH_PATHS = (
					"$(SDKROOT)/Developer/Library/Frameworks",
					"$(inherited)",
				);
				INFOPLIST_FILE = "Classroom HeroTests/Info.plist";
				LD_RUNPATH_SEARCH_PATHS = "$(inherited) @executable_path/Frameworks @loader_path/Frameworks";
				PRODUCT_BUNDLE_IDENTIFIER = "com.joshnussbaum.$(PRODUCT_NAME:rfc1034identifier)";
				PRODUCT_NAME = "$(TARGET_NAME)";
				TEST_HOST = "$(BUILT_PRODUCTS_DIR)/Classroom Hero.app/Classroom Hero";
			};
			name = Release;
		};
/* End XCBuildConfiguration section */

/* Begin XCConfigurationList section */
		03AA99DC1B6333C300750758 /* Build configuration list for PBXProject "Classroom Hero" */ = {
			isa = XCConfigurationList;
			buildConfigurations = (
				03AA9A021B6333C400750758 /* Debug */,
				03AA9A031B6333C400750758 /* Release */,
			);
			defaultConfigurationIsVisible = 0;
			defaultConfigurationName = Release;
		};
		03AA9A041B6333C400750758 /* Build configuration list for PBXNativeTarget "Classroom Hero" */ = {
			isa = XCConfigurationList;
			buildConfigurations = (
				03AA9A051B6333C400750758 /* Debug */,
				03AA9A061B6333C400750758 /* Release */,
			);
			defaultConfigurationIsVisible = 0;
			defaultConfigurationName = Release;
		};
		03AA9A071B6333C400750758 /* Build configuration list for PBXNativeTarget "Classroom HeroTests" */ = {
			isa = XCConfigurationList;
			buildConfigurations = (
				03AA9A081B6333C400750758 /* Debug */,
				03AA9A091B6333C400750758 /* Release */,
			);
			defaultConfigurationIsVisible = 0;
			defaultConfigurationName = Release;
		};
/* End XCConfigurationList section */
	};
	rootObject = 03AA99D91B6333C300750758 /* Project object */;
}
